// !$*UTF8*$!
{
	archiveVersion = 1;
	classes = {
	};
	objectVersion = 46;
	objects = {

/* Begin PBXBuildFile section */
		04351EC61ECA94C4007A24D3 /* JXShopcartProductModel.m in Sources */ = {isa = PBXBuildFile; fileRef = 04351EC51ECA94C4007A24D3 /* JXShopcartProductModel.m */; };
		04351EC91ECA94D9007A24D3 /* JXShopcartBrandModel.m in Sources */ = {isa = PBXBuildFile; fileRef = 04351EC81ECA94D9007A24D3 /* JXShopcartBrandModel.m */; };
		04351ECB1ECA979F007A24D3 /* shopcart.plist in Resources */ = {isa = PBXBuildFile; fileRef = 04351ECA1ECA979F007A24D3 /* shopcart.plist */; };
		04351ECE1ECAABA0007A24D3 /* JXShopcartBottomView.m in Sources */ = {isa = PBXBuildFile; fileRef = 04351ECD1ECAABA0007A24D3 /* JXShopcartBottomView.m */; };
		04351ED21ECADE89007A24D3 /* shopCart.gif in Resources */ = {isa = PBXBuildFile; fileRef = 04351ED11ECADE89007A24D3 /* shopCart.gif */; };
		0443A6271EC556DC00364970 /* chooseGood.gif in Resources */ = {isa = PBXBuildFile; fileRef = 0443A6261EC556DC00364970 /* chooseGood.gif */; };
		0443C9BB1EE0FE2C00FDBDB1 /* UIButton+Size.m in Sources */ = {isa = PBXBuildFile; fileRef = 0443C9B61EE0FE2C00FDBDB1 /* UIButton+Size.m */; };
		0443C9BC1EE0FE2C00FDBDB1 /* UIImage+JQImage.m in Sources */ = {isa = PBXBuildFile; fileRef = 0443C9B81EE0FE2C00FDBDB1 /* UIImage+JQImage.m */; };
		0443C9BD1EE0FE2C00FDBDB1 /* UIView+Extension.m in Sources */ = {isa = PBXBuildFile; fileRef = 0443C9BA1EE0FE2C00FDBDB1 /* UIView+Extension.m */; };
		0443CA021EE0FFF800FDBDB1 /* home_email_black.png in Resources */ = {isa = PBXBuildFile; fileRef = 0443C9C01EE0FFF800FDBDB1 /* home_email_black.png */; };
		0443CA031EE0FFF800FDBDB1 /* home_email_red.png in Resources */ = {isa = PBXBuildFile; fileRef = 0443C9C11EE0FFF800FDBDB1 /* home_email_red.png */; };
		0443CA041EE0FFF800FDBDB1 /* home_emared.png in Resources */ = {isa = PBXBuildFile; fileRef = 0443C9C21EE0FFF800FDBDB1 /* home_emared.png */; };
		0443CA051EE0FFF800FDBDB1 /* home_like.png in Resources */ = {isa = PBXBuildFile; fileRef = 0443C9C31EE0FFF800FDBDB1 /* home_like.png */; };
		0443CA061EE0FFF800FDBDB1 /* home_search_icon.png in Resources */ = {isa = PBXBuildFile; fileRef = 0443C9C41EE0FFF800FDBDB1 /* home_search_icon.png */; };
		0443CA071EE0FFF800FDBDB1 /* home_watch.png in Resources */ = {isa = PBXBuildFile; fileRef = 0443C9C51EE0FFF800FDBDB1 /* home_watch.png */; };
		0443CA081EE0FFF800FDBDB1 /* nar_bgbg.png in Resources */ = {isa = PBXBuildFile; fileRef = 0443C9C61EE0FFF800FDBDB1 /* nar_bgbg.png */; };
		0443CA091EE0FFF800FDBDB1 /* tab_bar_bg.png in Resources */ = {isa = PBXBuildFile; fileRef = 0443C9C71EE0FFF800FDBDB1 /* tab_bar_bg.png */; };
		0443CA0A1EE0FFF800FDBDB1 /* tab_publish_add.png in Resources */ = {isa = PBXBuildFile; fileRef = 0443C9C81EE0FFF800FDBDB1 /* tab_publish_add.png */; };
		0443CA0B1EE0FFF800FDBDB1 /* tab_publish_add_pressed.png in Resources */ = {isa = PBXBuildFile; fileRef = 0443C9C91EE0FFF800FDBDB1 /* tab_publish_add_pressed.png */; };
		0443CA0C1EE0FFF800FDBDB1 /* tab_我的.png in Resources */ = {isa = PBXBuildFile; fileRef = 0443C9CA1EE0FFF800FDBDB1 /* tab_我的.png */; };
		0443CA0D1EE0FFF800FDBDB1 /* tab_我的_pressed.png in Resources */ = {isa = PBXBuildFile; fileRef = 0443C9CB1EE0FFF800FDBDB1 /* tab_我的_pressed.png */; };
		0443CA0E1EE0FFF800FDBDB1 /* tab_首页.png in Resources */ = {isa = PBXBuildFile; fileRef = 0443C9CC1EE0FFF800FDBDB1 /* tab_首页.png */; };
		0443CA0F1EE0FFF800FDBDB1 /* tab_首页_pressed.png in Resources */ = {isa = PBXBuildFile; fileRef = 0443C9CD1EE0FFF800FDBDB1 /* tab_首页_pressed.png */; };
		0443CA101EE0FFF800FDBDB1 /* cycle_01.jpg in Resources */ = {isa = PBXBuildFile; fileRef = 0443C9CF1EE0FFF800FDBDB1 /* cycle_01.jpg */; };
		0443CA111EE0FFF800FDBDB1 /* cycle_02.jpg in Resources */ = {isa = PBXBuildFile; fileRef = 0443C9D01EE0FFF800FDBDB1 /* cycle_02.jpg */; };
		0443CA121EE0FFF800FDBDB1 /* cycle_03.jpg in Resources */ = {isa = PBXBuildFile; fileRef = 0443C9D11EE0FFF800FDBDB1 /* cycle_03.jpg */; };
		0443CA131EE0FFF800FDBDB1 /* cycle_04.jpg in Resources */ = {isa = PBXBuildFile; fileRef = 0443C9D21EE0FFF800FDBDB1 /* cycle_04.jpg */; };
		0443CA141EE0FFF800FDBDB1 /* cycle_05.jpg in Resources */ = {isa = PBXBuildFile; fileRef = 0443C9D31EE0FFF800FDBDB1 /* cycle_05.jpg */; };
		0443CA151EE0FFF800FDBDB1 /* cycle_06.jpg in Resources */ = {isa = PBXBuildFile; fileRef = 0443C9D41EE0FFF800FDBDB1 /* cycle_06.jpg */; };
		0443CA161EE0FFF800FDBDB1 /* cycle_07.jpg in Resources */ = {isa = PBXBuildFile; fileRef = 0443C9D51EE0FFF800FDBDB1 /* cycle_07.jpg */; };
		0443CA171EE0FFF800FDBDB1 /* cycle_08.jpg in Resources */ = {isa = PBXBuildFile; fileRef = 0443C9D61EE0FFF800FDBDB1 /* cycle_08.jpg */; };
		0443CA181EE0FFF800FDBDB1 /* recomand_01.jpg in Resources */ = {isa = PBXBuildFile; fileRef = 0443C9D81EE0FFF800FDBDB1 /* recomand_01.jpg */; };
		0443CA191EE0FFF800FDBDB1 /* recomand_02.jpg in Resources */ = {isa = PBXBuildFile; fileRef = 0443C9D91EE0FFF800FDBDB1 /* recomand_02.jpg */; };
		0443CA1A1EE0FFF800FDBDB1 /* recomand_03.jpg in Resources */ = {isa = PBXBuildFile; fileRef = 0443C9DA1EE0FFF800FDBDB1 /* recomand_03.jpg */; };
		0443CA1B1EE0FFF800FDBDB1 /* recomand_04.jpg in Resources */ = {isa = PBXBuildFile; fileRef = 0443C9DB1EE0FFF800FDBDB1 /* recomand_04.jpg */; };
		0443CA1C1EE0FFF800FDBDB1 /* recomand_05.jpg in Resources */ = {isa = PBXBuildFile; fileRef = 0443C9DC1EE0FFF800FDBDB1 /* recomand_05.jpg */; };
		0443CA1D1EE0FFF800FDBDB1 /* recomand_06.jpg in Resources */ = {isa = PBXBuildFile; fileRef = 0443C9DD1EE0FFF800FDBDB1 /* recomand_06.jpg */; };
		0443CA1E1EE0FFF800FDBDB1 /* recomand_07.jpg in Resources */ = {isa = PBXBuildFile; fileRef = 0443C9DE1EE0FFF800FDBDB1 /* recomand_07.jpg */; };
		0443CA1F1EE0FFF800FDBDB1 /* recomand_08.jpg in Resources */ = {isa = PBXBuildFile; fileRef = 0443C9DF1EE0FFF800FDBDB1 /* recomand_08.jpg */; };
		0443CA201EE0FFF800FDBDB1 /* recomand_09.jpg in Resources */ = {isa = PBXBuildFile; fileRef = 0443C9E01EE0FFF800FDBDB1 /* recomand_09.jpg */; };
		0443CA211EE0FFF800FDBDB1 /* recomand_10.jpg in Resources */ = {isa = PBXBuildFile; fileRef = 0443C9E11EE0FFF800FDBDB1 /* recomand_10.jpg */; };
		0443CA221EE0FFF800FDBDB1 /* recomand_11.jpg in Resources */ = {isa = PBXBuildFile; fileRef = 0443C9E21EE0FFF800FDBDB1 /* recomand_11.jpg */; };
		0443CA231EE0FFF800FDBDB1 /* recomand_12.jpg in Resources */ = {isa = PBXBuildFile; fileRef = 0443C9E31EE0FFF800FDBDB1 /* recomand_12.jpg */; };
		0443CA241EE0FFF800FDBDB1 /* recomand_13.jpg in Resources */ = {isa = PBXBuildFile; fileRef = 0443C9E41EE0FFF800FDBDB1 /* recomand_13.jpg */; };
		0443CA251EE0FFF800FDBDB1 /* recomand_14.jpg in Resources */ = {isa = PBXBuildFile; fileRef = 0443C9E51EE0FFF800FDBDB1 /* recomand_14.jpg */; };
		0443CA261EE0FFF800FDBDB1 /* recomand_15.jpg in Resources */ = {isa = PBXBuildFile; fileRef = 0443C9E61EE0FFF800FDBDB1 /* recomand_15.jpg */; };
		0443CA271EE0FFF800FDBDB1 /* recomand_16.jpg in Resources */ = {isa = PBXBuildFile; fileRef = 0443C9E71EE0FFF800FDBDB1 /* recomand_16.jpg */; };
		0443CA281EE0FFF800FDBDB1 /* recomand_17.jpg in Resources */ = {isa = PBXBuildFile; fileRef = 0443C9E81EE0FFF800FDBDB1 /* recomand_17.jpg */; };
		0443CA291EE0FFF800FDBDB1 /* recomand_18.jpg in Resources */ = {isa = PBXBuildFile; fileRef = 0443C9E91EE0FFF800FDBDB1 /* recomand_18.jpg */; };
		0443CA2A1EE0FFF800FDBDB1 /* recomand_19.jpg in Resources */ = {isa = PBXBuildFile; fileRef = 0443C9EA1EE0FFF800FDBDB1 /* recomand_19.jpg */; };
		0443CA2B1EE0FFF800FDBDB1 /* recomand_20.jpg in Resources */ = {isa = PBXBuildFile; fileRef = 0443C9EB1EE0FFF800FDBDB1 /* recomand_20.jpg */; };
		0443CA2C1EE0FFF800FDBDB1 /* header01@2x.jpg in Resources */ = {isa = PBXBuildFile; fileRef = 0443C9ED1EE0FFF800FDBDB1 /* header01@2x.jpg */; };
		0443CA2D1EE0FFF800FDBDB1 /* header02@2x.jpg in Resources */ = {isa = PBXBuildFile; fileRef = 0443C9EE1EE0FFF800FDBDB1 /* header02@2x.jpg */; };
		0443CA2E1EE0FFF800FDBDB1 /* header03@2x.jpg in Resources */ = {isa = PBXBuildFile; fileRef = 0443C9EF1EE0FFF800FDBDB1 /* header03@2x.jpg */; };
		0443CA2F1EE0FFF800FDBDB1 /* header04@2x.jpg in Resources */ = {isa = PBXBuildFile; fileRef = 0443C9F01EE0FFF800FDBDB1 /* header04@2x.jpg */; };
		0443CA301EE0FFF800FDBDB1 /* header05@2x.jpg in Resources */ = {isa = PBXBuildFile; fileRef = 0443C9F11EE0FFF800FDBDB1 /* header05@2x.jpg */; };
		0443CA311EE0FFF800FDBDB1 /* header06@2x.jpg in Resources */ = {isa = PBXBuildFile; fileRef = 0443C9F21EE0FFF800FDBDB1 /* header06@2x.jpg */; };
		0443CA321EE0FFF800FDBDB1 /* header07@2x.jpg in Resources */ = {isa = PBXBuildFile; fileRef = 0443C9F31EE0FFF800FDBDB1 /* header07@2x.jpg */; };
		0443CA331EE0FFF800FDBDB1 /* header08@2x.jpg in Resources */ = {isa = PBXBuildFile; fileRef = 0443C9F41EE0FFF800FDBDB1 /* header08@2x.jpg */; };
		0443CA341EE0FFF800FDBDB1 /* header09@2x.jpg in Resources */ = {isa = PBXBuildFile; fileRef = 0443C9F51EE0FFF800FDBDB1 /* header09@2x.jpg */; };
		0443CA351EE0FFF800FDBDB1 /* header10@2x.jpg in Resources */ = {isa = PBXBuildFile; fileRef = 0443C9F61EE0FFF800FDBDB1 /* header10@2x.jpg */; };
		0443CA361EE0FFF800FDBDB1 /* refresh00.png in Resources */ = {isa = PBXBuildFile; fileRef = 0443C9F71EE0FFF800FDBDB1 /* refresh00.png */; };
		0443CA371EE0FFF800FDBDB1 /* refresh01.png in Resources */ = {isa = PBXBuildFile; fileRef = 0443C9F81EE0FFF800FDBDB1 /* refresh01.png */; };
		0443CA381EE0FFF800FDBDB1 /* refresh02.png in Resources */ = {isa = PBXBuildFile; fileRef = 0443C9F91EE0FFF800FDBDB1 /* refresh02.png */; };
		0443CA391EE0FFF800FDBDB1 /* refresh03.png in Resources */ = {isa = PBXBuildFile; fileRef = 0443C9FA1EE0FFF800FDBDB1 /* refresh03.png */; };
		0443CA3A1EE0FFF900FDBDB1 /* refresh04.png in Resources */ = {isa = PBXBuildFile; fileRef = 0443C9FB1EE0FFF800FDBDB1 /* refresh04.png */; };
		0443CA3B1EE0FFF900FDBDB1 /* refresh05.png in Resources */ = {isa = PBXBuildFile; fileRef = 0443C9FC1EE0FFF800FDBDB1 /* refresh05.png */; };
		0443CA3C1EE0FFF900FDBDB1 /* refresh06.png in Resources */ = {isa = PBXBuildFile; fileRef = 0443C9FD1EE0FFF800FDBDB1 /* refresh06.png */; };
		0443CA3D1EE0FFF900FDBDB1 /* refresh07.png in Resources */ = {isa = PBXBuildFile; fileRef = 0443C9FE1EE0FFF800FDBDB1 /* refresh07.png */; };
		0443CA3E1EE0FFF900FDBDB1 /* refresh08.png in Resources */ = {isa = PBXBuildFile; fileRef = 0443C9FF1EE0FFF800FDBDB1 /* refresh08.png */; };
		0443CA3F1EE0FFF900FDBDB1 /* refresh09.png in Resources */ = {isa = PBXBuildFile; fileRef = 0443CA001EE0FFF800FDBDB1 /* refresh09.png */; };
		0443CA401EE0FFF900FDBDB1 /* refresh10.png in Resources */ = {isa = PBXBuildFile; fileRef = 0443CA011EE0FFF800FDBDB1 /* refresh10.png */; };
		0448EE191EA85005005D36DC /* main.m in Sources */ = {isa = PBXBuildFile; fileRef = 0448EE181EA85005005D36DC /* main.m */; };
		0448EE1C1EA85005005D36DC /* AppDelegate.m in Sources */ = {isa = PBXBuildFile; fileRef = 0448EE1B1EA85005005D36DC /* AppDelegate.m */; };
		0448EE1F1EA85005005D36DC /* ViewController.m in Sources */ = {isa = PBXBuildFile; fileRef = 0448EE1E1EA85005005D36DC /* ViewController.m */; };
		0448EE221EA85005005D36DC /* Main.storyboard in Resources */ = {isa = PBXBuildFile; fileRef = 0448EE201EA85005005D36DC /* Main.storyboard */; };
		0448EE241EA85005005D36DC /* Assets.xcassets in Resources */ = {isa = PBXBuildFile; fileRef = 0448EE231EA85005005D36DC /* Assets.xcassets */; };
		0448EE271EA85005005D36DC /* LaunchScreen.storyboard in Resources */ = {isa = PBXBuildFile; fileRef = 0448EE251EA85005005D36DC /* LaunchScreen.storyboard */; };
		0448EE341EA8950F005D36DC /* UIScrollView+JXPage.m in Sources */ = {isa = PBXBuildFile; fileRef = 0448EE331EA8950F005D36DC /* UIScrollView+JXPage.m */; };
		0448EE3D1EA8A047005D36DC /* JXGoodAttributesView.m in Sources */ = {isa = PBXBuildFile; fileRef = 0448EE3C1EA8A047005D36DC /* JXGoodAttributesView.m */; };
		0448EE421EA8A19F005D36DC /* UIButton+Bootstrap.m in Sources */ = {isa = PBXBuildFile; fileRef = 0448EE411EA8A19F005D36DC /* UIButton+Bootstrap.m */; };
		0448EE451EA8A1E8005D36DC /* JXGoodAttrModel.m in Sources */ = {isa = PBXBuildFile; fileRef = 0448EE441EA8A1E8005D36DC /* JXGoodAttrModel.m */; };
		0448EE491EA8AB6D005D36DC /* JXTagFrame.m in Sources */ = {isa = PBXBuildFile; fileRef = 0448EE481EA8AB6D005D36DC /* JXTagFrame.m */; };
		0448EE4C1EA8B04E005D36DC /* JXTagView.m in Sources */ = {isa = PBXBuildFile; fileRef = 0448EE4B1EA8B04E005D36DC /* JXTagView.m */; };
		0448EE4F1EA8BBC2005D36DC /* JXGoodAttributesCell.m in Sources */ = {isa = PBXBuildFile; fileRef = 0448EE4E1EA8BBC2005D36DC /* JXGoodAttributesCell.m */; };
		0448EE521EA8C9F0005D36DC /* UIView+JXShopCarAnimation.m in Sources */ = {isa = PBXBuildFile; fileRef = 0448EE511EA8C9F0005D36DC /* UIView+JXShopCarAnimation.m */; };
		0448EE551EA8CBF0005D36DC /* JXGoodDetailsViewController.m in Sources */ = {isa = PBXBuildFile; fileRef = 0448EE541EA8CBF0005D36DC /* JXGoodDetailsViewController.m */; };
		0449D8A81EC5AF1E0000890F /* PPNumberButton.m in Sources */ = {isa = PBXBuildFile; fileRef = 0449D8A71EC5AF1E0000890F /* PPNumberButton.m */; };
		04982E451EC9A7CC0084E90F /* JXShopCartCell.m in Sources */ = {isa = PBXBuildFile; fileRef = 04982E441EC9A7CC0084E90F /* JXShopCartCell.m */; };
		049ED3341EA99A0B00F924E1 /* JXGoodDetailsPictureCell.m in Sources */ = {isa = PBXBuildFile; fileRef = 049ED3331EA99A0B00F924E1 /* JXGoodDetailsPictureCell.m */; };
		049ED3371EA99EDB00F924E1 /* JXShopCarViewController.m in Sources */ = {isa = PBXBuildFile; fileRef = 049ED3361EA99EDB00F924E1 /* JXShopCarViewController.m */; };
		049ED33A1EA99F8200F924E1 /* JXShopViewModel.m in Sources */ = {isa = PBXBuildFile; fileRef = 049ED3391EA99F8200F924E1 /* JXShopViewModel.m */; };
		049ED33D1EA9B4E600F924E1 /* JXShopUIService.m in Sources */ = {isa = PBXBuildFile; fileRef = 049ED33C1EA9B4E600F924E1 /* JXShopUIService.m */; };
		049ED3401EA9B4FE00F924E1 /* JXShopCarViewModel.m in Sources */ = {isa = PBXBuildFile; fileRef = 049ED33F1EA9B4FE00F924E1 /* JXShopCarViewModel.m */; };
		049ED3431EA9B75800F924E1 /* JXShopCarTableHeaderView.m in Sources */ = {isa = PBXBuildFile; fileRef = 049ED3421EA9B75800F924E1 /* JXShopCarTableHeaderView.m */; };
		04C808161EF8BD540098DACC /* JXShopDetailViewController.m in Sources */ = {isa = PBXBuildFile; fileRef = 04C808151EF8BD540098DACC /* JXShopDetailViewController.m */; };
		04C808191EF8BEE50098DACC /* JXShopDetailBottomView.m in Sources */ = {isa = PBXBuildFile; fileRef = 04C808181EF8BEE50098DACC /* JXShopDetailBottomView.m */; };
		04C8081C1EF8BF1C0098DACC /* UIColor+GGColor.m in Sources */ = {isa = PBXBuildFile; fileRef = 04C8081B1EF8BF1C0098DACC /* UIColor+GGColor.m */; };
		04C8081F1EF8C3660098DACC /* JXShopDetailNavigationBar.m in Sources */ = {isa = PBXBuildFile; fileRef = 04C8081E1EF8C3660098DACC /* JXShopDetailNavigationBar.m */; };
		04C808221EF8C3B90098DACC /* JXShopDetailHeaderView.m in Sources */ = {isa = PBXBuildFile; fileRef = 04C808211EF8C3B90098DACC /* JXShopDetailHeaderView.m */; };
		04C808251EF8C43F0098DACC /* JXShopDetailScrollView.m in Sources */ = {isa = PBXBuildFile; fileRef = 04C808241EF8C43F0098DACC /* JXShopDetailScrollView.m */; };
		04C808281EF8C4850098DACC /* JXShopDetailCollectionView.m in Sources */ = {isa = PBXBuildFile; fileRef = 04C808271EF8C4850098DACC /* JXShopDetailCollectionView.m */; };
		04C8082B1EF8C4B80098DACC /* JXCommonCollectionView.m in Sources */ = {isa = PBXBuildFile; fileRef = 04C8082A1EF8C4B80098DACC /* JXCommonCollectionView.m */; };
		04C8082E1EF8C4EA0098DACC /* JXCommonCollectionViewModel.m in Sources */ = {isa = PBXBuildFile; fileRef = 04C8082D1EF8C4EA0098DACC /* JXCommonCollectionViewModel.m */; };
		04C808321EF8C5200098DACC /* JXShopProductCollectionViewCell.m in Sources */ = {isa = PBXBuildFile; fileRef = 04C808311EF8C5200098DACC /* JXShopProductCollectionViewCell.m */; };
		04C808351EF8C5480098DACC /* JXShopProductCollectionCellViewModel.m in Sources */ = {isa = PBXBuildFile; fileRef = 04C808341EF8C5480098DACC /* JXShopProductCollectionCellViewModel.m */; };
		04C808381EF8C5F70098DACC /* JXShopProductCollectionCellViewData.m in Sources */ = {isa = PBXBuildFile; fileRef = 04C808371EF8C5F70098DACC /* JXShopProductCollectionCellViewData.m */; };
		04C8083B1EF8C9110098DACC /* JXShopDetailViewModel.m in Sources */ = {isa = PBXBuildFile; fileRef = 04C8083A1EF8C9110098DACC /* JXShopDetailViewModel.m */; };
		04C8083E1EF8C9430098DACC /* JXShopDetailInfo.m in Sources */ = {isa = PBXBuildFile; fileRef = 04C8083D1EF8C9430098DACC /* JXShopDetailInfo.m */; };
		04C808411EF8C9660098DACC /* JXShopDetailUserCase.m in Sources */ = {isa = PBXBuildFile; fileRef = 04C808401EF8C9660098DACC /* JXShopDetailUserCase.m */; };
		04C808451EF8CFAA0098DACC /* LYSelectTabBar.m in Sources */ = {isa = PBXBuildFile; fileRef = 04C808441EF8CFAA0098DACC /* LYSelectTabBar.m */; };
		04C808481EF8D0F30098DACC /* JXShopDetailTabScrollView.m in Sources */ = {isa = PBXBuildFile; fileRef = 04C808471EF8D0F30098DACC /* JXShopDetailTabScrollView.m */; };
		04C8084B1EF8D1550098DACC /* JXShopDetailTabScrollViewModel.m in Sources */ = {isa = PBXBuildFile; fileRef = 04C8084A1EF8D1550098DACC /* JXShopDetailTabScrollViewModel.m */; };
		04C8084E1EF8D2B10098DACC /* LYSelectView.m in Sources */ = {isa = PBXBuildFile; fileRef = 04C8084D1EF8D2B10098DACC /* LYSelectView.m */; };
		04C808511EF8D4C10098DACC /* JXShopDetailCollectionViewModel.m in Sources */ = {isa = PBXBuildFile; fileRef = 04C808501EF8D4C10098DACC /* JXShopDetailCollectionViewModel.m */; };
		04C808531EF8FC690098DACC /* shopDetail.gif in Resources */ = {isa = PBXBuildFile; fileRef = 04C808521EF8FC690098DACC /* shopDetail.gif */; };
		1B4DAD8FB4F54A27782C3B48 /* Pods_JXShopDemo.framework in Frameworks */ = {isa = PBXBuildFile; fileRef = F6B22B27185B83A2695255E6 /* Pods_JXShopDemo.framework */; };
/* End PBXBuildFile section */

/* Begin PBXFileReference section */
		04351EC41ECA94C4007A24D3 /* JXShopcartProductModel.h */ = {isa = PBXFileReference; fileEncoding = 4; lastKnownFileType = sourcecode.c.h; path = JXShopcartProductModel.h; sourceTree = "<group>"; };
		04351EC51ECA94C4007A24D3 /* JXShopcartProductModel.m */ = {isa = PBXFileReference; fileEncoding = 4; lastKnownFileType = sourcecode.c.objc; path = JXShopcartProductModel.m; sourceTree = "<group>"; };
		04351EC71ECA94D9007A24D3 /* JXShopcartBrandModel.h */ = {isa = PBXFileReference; fileEncoding = 4; lastKnownFileType = sourcecode.c.h; path = JXShopcartBrandModel.h; sourceTree = "<group>"; };
		04351EC81ECA94D9007A24D3 /* JXShopcartBrandModel.m */ = {isa = PBXFileReference; fileEncoding = 4; lastKnownFileType = sourcecode.c.objc; path = JXShopcartBrandModel.m; sourceTree = "<group>"; };
		04351ECA1ECA979F007A24D3 /* shopcart.plist */ = {isa = PBXFileReference; fileEncoding = 4; lastKnownFileType = text.plist.xml; path = shopcart.plist; sourceTree = "<group>"; };
		04351ECC1ECAABA0007A24D3 /* JXShopcartBottomView.h */ = {isa = PBXFileReference; fileEncoding = 4; lastKnownFileType = sourcecode.c.h; path = JXShopcartBottomView.h; sourceTree = "<group>"; };
		04351ECD1ECAABA0007A24D3 /* JXShopcartBottomView.m */ = {isa = PBXFileReference; fileEncoding = 4; lastKnownFileType = sourcecode.c.objc; path = JXShopcartBottomView.m; sourceTree = "<group>"; };
		04351ED11ECADE89007A24D3 /* shopCart.gif */ = {isa = PBXFileReference; lastKnownFileType = image.gif; path = shopCart.gif; sourceTree = "<group>"; };
		0443A6261EC556DC00364970 /* chooseGood.gif */ = {isa = PBXFileReference; lastKnownFileType = image.gif; path = chooseGood.gif; sourceTree = "<group>"; };
		0443C9B51EE0FE2C00FDBDB1 /* UIButton+Size.h */ = {isa = PBXFileReference; fileEncoding = 4; lastKnownFileType = sourcecode.c.h; path = "UIButton+Size.h"; sourceTree = "<group>"; };
		0443C9B61EE0FE2C00FDBDB1 /* UIButton+Size.m */ = {isa = PBXFileReference; fileEncoding = 4; lastKnownFileType = sourcecode.c.objc; path = "UIButton+Size.m"; sourceTree = "<group>"; };
		0443C9B71EE0FE2C00FDBDB1 /* UIImage+JQImage.h */ = {isa = PBXFileReference; fileEncoding = 4; lastKnownFileType = sourcecode.c.h; path = "UIImage+JQImage.h"; sourceTree = "<group>"; };
		0443C9B81EE0FE2C00FDBDB1 /* UIImage+JQImage.m */ = {isa = PBXFileReference; fileEncoding = 4; lastKnownFileType = sourcecode.c.objc; path = "UIImage+JQImage.m"; sourceTree = "<group>"; };
		0443C9B91EE0FE2C00FDBDB1 /* UIView+Extension.h */ = {isa = PBXFileReference; fileEncoding = 4; lastKnownFileType = sourcecode.c.h; path = "UIView+Extension.h"; sourceTree = "<group>"; };
		0443C9BA1EE0FE2C00FDBDB1 /* UIView+Extension.m */ = {isa = PBXFileReference; fileEncoding = 4; lastKnownFileType = sourcecode.c.objc; path = "UIView+Extension.m"; sourceTree = "<group>"; };
		0443C9C01EE0FFF800FDBDB1 /* home_email_black.png */ = {isa = PBXFileReference; lastKnownFileType = image.png; path = home_email_black.png; sourceTree = "<group>"; };
		0443C9C11EE0FFF800FDBDB1 /* home_email_red.png */ = {isa = PBXFileReference; lastKnownFileType = image.png; path = home_email_red.png; sourceTree = "<group>"; };
		0443C9C21EE0FFF800FDBDB1 /* home_emared.png */ = {isa = PBXFileReference; lastKnownFileType = image.png; path = home_emared.png; sourceTree = "<group>"; };
		0443C9C31EE0FFF800FDBDB1 /* home_like.png */ = {isa = PBXFileReference; lastKnownFileType = image.png; path = home_like.png; sourceTree = "<group>"; };
		0443C9C41EE0FFF800FDBDB1 /* home_search_icon.png */ = {isa = PBXFileReference; lastKnownFileType = image.png; path = home_search_icon.png; sourceTree = "<group>"; };
		0443C9C51EE0FFF800FDBDB1 /* home_watch.png */ = {isa = PBXFileReference; lastKnownFileType = image.png; path = home_watch.png; sourceTree = "<group>"; };
		0443C9C61EE0FFF800FDBDB1 /* nar_bgbg.png */ = {isa = PBXFileReference; lastKnownFileType = image.png; path = nar_bgbg.png; sourceTree = "<group>"; };
		0443C9C71EE0FFF800FDBDB1 /* tab_bar_bg.png */ = {isa = PBXFileReference; lastKnownFileType = image.png; path = tab_bar_bg.png; sourceTree = "<group>"; };
		0443C9C81EE0FFF800FDBDB1 /* tab_publish_add.png */ = {isa = PBXFileReference; lastKnownFileType = image.png; path = tab_publish_add.png; sourceTree = "<group>"; };
		0443C9C91EE0FFF800FDBDB1 /* tab_publish_add_pressed.png */ = {isa = PBXFileReference; lastKnownFileType = image.png; path = tab_publish_add_pressed.png; sourceTree = "<group>"; };
		0443C9CA1EE0FFF800FDBDB1 /* tab_我的.png */ = {isa = PBXFileReference; lastKnownFileType = image.png; path = "tab_我的.png"; sourceTree = "<group>"; };
		0443C9CB1EE0FFF800FDBDB1 /* tab_我的_pressed.png */ = {isa = PBXFileReference; lastKnownFileType = image.png; path = "tab_我的_pressed.png"; sourceTree = "<group>"; };
		0443C9CC1EE0FFF800FDBDB1 /* tab_首页.png */ = {isa = PBXFileReference; lastKnownFileType = image.png; path = "tab_首页.png"; sourceTree = "<group>"; };
		0443C9CD1EE0FFF800FDBDB1 /* tab_首页_pressed.png */ = {isa = PBXFileReference; lastKnownFileType = image.png; path = "tab_首页_pressed.png"; sourceTree = "<group>"; };
		0443C9CF1EE0FFF800FDBDB1 /* cycle_01.jpg */ = {isa = PBXFileReference; lastKnownFileType = image.jpeg; path = cycle_01.jpg; sourceTree = "<group>"; };
		0443C9D01EE0FFF800FDBDB1 /* cycle_02.jpg */ = {isa = PBXFileReference; lastKnownFileType = image.jpeg; path = cycle_02.jpg; sourceTree = "<group>"; };
		0443C9D11EE0FFF800FDBDB1 /* cycle_03.jpg */ = {isa = PBXFileReference; lastKnownFileType = image.jpeg; path = cycle_03.jpg; sourceTree = "<group>"; };
		0443C9D21EE0FFF800FDBDB1 /* cycle_04.jpg */ = {isa = PBXFileReference; lastKnownFileType = image.jpeg; path = cycle_04.jpg; sourceTree = "<group>"; };
		0443C9D31EE0FFF800FDBDB1 /* cycle_05.jpg */ = {isa = PBXFileReference; lastKnownFileType = image.jpeg; path = cycle_05.jpg; sourceTree = "<group>"; };
		0443C9D41EE0FFF800FDBDB1 /* cycle_06.jpg */ = {isa = PBXFileReference; lastKnownFileType = image.jpeg; path = cycle_06.jpg; sourceTree = "<group>"; };
		0443C9D51EE0FFF800FDBDB1 /* cycle_07.jpg */ = {isa = PBXFileReference; lastKnownFileType = image.jpeg; path = cycle_07.jpg; sourceTree = "<group>"; };
		0443C9D61EE0FFF800FDBDB1 /* cycle_08.jpg */ = {isa = PBXFileReference; lastKnownFileType = image.jpeg; path = cycle_08.jpg; sourceTree = "<group>"; };
		0443C9D81EE0FFF800FDBDB1 /* recomand_01.jpg */ = {isa = PBXFileReference; lastKnownFileType = image.jpeg; path = recomand_01.jpg; sourceTree = "<group>"; };
		0443C9D91EE0FFF800FDBDB1 /* recomand_02.jpg */ = {isa = PBXFileReference; lastKnownFileType = image.jpeg; path = recomand_02.jpg; sourceTree = "<group>"; };
		0443C9DA1EE0FFF800FDBDB1 /* recomand_03.jpg */ = {isa = PBXFileReference; lastKnownFileType = image.jpeg; path = recomand_03.jpg; sourceTree = "<group>"; };
		0443C9DB1EE0FFF800FDBDB1 /* recomand_04.jpg */ = {isa = PBXFileReference; lastKnownFileType = image.jpeg; path = recomand_04.jpg; sourceTree = "<group>"; };
		0443C9DC1EE0FFF800FDBDB1 /* recomand_05.jpg */ = {isa = PBXFileReference; lastKnownFileType = image.jpeg; path = recomand_05.jpg; sourceTree = "<group>"; };
		0443C9DD1EE0FFF800FDBDB1 /* recomand_06.jpg */ = {isa = PBXFileReference; lastKnownFileType = image.jpeg; path = recomand_06.jpg; sourceTree = "<group>"; };
		0443C9DE1EE0FFF800FDBDB1 /* recomand_07.jpg */ = {isa = PBXFileReference; lastKnownFileType = image.jpeg; path = recomand_07.jpg; sourceTree = "<group>"; };
		0443C9DF1EE0FFF800FDBDB1 /* recomand_08.jpg */ = {isa = PBXFileReference; lastKnownFileType = image.jpeg; path = recomand_08.jpg; sourceTree = "<group>"; };
		0443C9E01EE0FFF800FDBDB1 /* recomand_09.jpg */ = {isa = PBXFileReference; lastKnownFileType = image.jpeg; path = recomand_09.jpg; sourceTree = "<group>"; };
		0443C9E11EE0FFF800FDBDB1 /* recomand_10.jpg */ = {isa = PBXFileReference; lastKnownFileType = image.jpeg; path = recomand_10.jpg; sourceTree = "<group>"; };
		0443C9E21EE0FFF800FDBDB1 /* recomand_11.jpg */ = {isa = PBXFileReference; lastKnownFileType = image.jpeg; path = recomand_11.jpg; sourceTree = "<group>"; };
		0443C9E31EE0FFF800FDBDB1 /* recomand_12.jpg */ = {isa = PBXFileReference; lastKnownFileType = image.jpeg; path = recomand_12.jpg; sourceTree = "<group>"; };
		0443C9E41EE0FFF800FDBDB1 /* recomand_13.jpg */ = {isa = PBXFileReference; lastKnownFileType = image.jpeg; path = recomand_13.jpg; sourceTree = "<group>"; };
		0443C9E51EE0FFF800FDBDB1 /* recomand_14.jpg */ = {isa = PBXFileReference; lastKnownFileType = image.jpeg; path = recomand_14.jpg; sourceTree = "<group>"; };
		0443C9E61EE0FFF800FDBDB1 /* recomand_15.jpg */ = {isa = PBXFileReference; lastKnownFileType = image.jpeg; path = recomand_15.jpg; sourceTree = "<group>"; };
		0443C9E71EE0FFF800FDBDB1 /* recomand_16.jpg */ = {isa = PBXFileReference; lastKnownFileType = image.jpeg; path = recomand_16.jpg; sourceTree = "<group>"; };
		0443C9E81EE0FFF800FDBDB1 /* recomand_17.jpg */ = {isa = PBXFileReference; lastKnownFileType = image.jpeg; path = recomand_17.jpg; sourceTree = "<group>"; };
		0443C9E91EE0FFF800FDBDB1 /* recomand_18.jpg */ = {isa = PBXFileReference; lastKnownFileType = image.jpeg; path = recomand_18.jpg; sourceTree = "<group>"; };
		0443C9EA1EE0FFF800FDBDB1 /* recomand_19.jpg */ = {isa = PBXFileReference; lastKnownFileType = image.jpeg; path = recomand_19.jpg; sourceTree = "<group>"; };
		0443C9EB1EE0FFF800FDBDB1 /* recomand_20.jpg */ = {isa = PBXFileReference; lastKnownFileType = image.jpeg; path = recomand_20.jpg; sourceTree = "<group>"; };
		0443C9ED1EE0FFF800FDBDB1 /* header01@2x.jpg */ = {isa = PBXFileReference; lastKnownFileType = image.jpeg; path = "header01@2x.jpg"; sourceTree = "<group>"; };
		0443C9EE1EE0FFF800FDBDB1 /* header02@2x.jpg */ = {isa = PBXFileReference; lastKnownFileType = image.jpeg; path = "header02@2x.jpg"; sourceTree = "<group>"; };
		0443C9EF1EE0FFF800FDBDB1 /* header03@2x.jpg */ = {isa = PBXFileReference; lastKnownFileType = image.jpeg; path = "header03@2x.jpg"; sourceTree = "<group>"; };
		0443C9F01EE0FFF800FDBDB1 /* header04@2x.jpg */ = {isa = PBXFileReference; lastKnownFileType = image.jpeg; path = "header04@2x.jpg"; sourceTree = "<group>"; };
		0443C9F11EE0FFF800FDBDB1 /* header05@2x.jpg */ = {isa = PBXFileReference; lastKnownFileType = image.jpeg; path = "header05@2x.jpg"; sourceTree = "<group>"; };
		0443C9F21EE0FFF800FDBDB1 /* header06@2x.jpg */ = {isa = PBXFileReference; lastKnownFileType = image.jpeg; path = "header06@2x.jpg"; sourceTree = "<group>"; };
		0443C9F31EE0FFF800FDBDB1 /* header07@2x.jpg */ = {isa = PBXFileReference; lastKnownFileType = image.jpeg; path = "header07@2x.jpg"; sourceTree = "<group>"; };
		0443C9F41EE0FFF800FDBDB1 /* header08@2x.jpg */ = {isa = PBXFileReference; lastKnownFileType = image.jpeg; path = "header08@2x.jpg"; sourceTree = "<group>"; };
		0443C9F51EE0FFF800FDBDB1 /* header09@2x.jpg */ = {isa = PBXFileReference; lastKnownFileType = image.jpeg; path = "header09@2x.jpg"; sourceTree = "<group>"; };
		0443C9F61EE0FFF800FDBDB1 /* header10@2x.jpg */ = {isa = PBXFileReference; lastKnownFileType = image.jpeg; path = "header10@2x.jpg"; sourceTree = "<group>"; };
		0443C9F71EE0FFF800FDBDB1 /* refresh00.png */ = {isa = PBXFileReference; lastKnownFileType = image.png; path = refresh00.png; sourceTree = "<group>"; };
		0443C9F81EE0FFF800FDBDB1 /* refresh01.png */ = {isa = PBXFileReference; lastKnownFileType = image.png; path = refresh01.png; sourceTree = "<group>"; };
		0443C9F91EE0FFF800FDBDB1 /* refresh02.png */ = {isa = PBXFileReference; lastKnownFileType = image.png; path = refresh02.png; sourceTree = "<group>"; };
		0443C9FA1EE0FFF800FDBDB1 /* refresh03.png */ = {isa = PBXFileReference; lastKnownFileType = image.png; path = refresh03.png; sourceTree = "<group>"; };
		0443C9FB1EE0FFF800FDBDB1 /* refresh04.png */ = {isa = PBXFileReference; lastKnownFileType = image.png; path = refresh04.png; sourceTree = "<group>"; };
		0443C9FC1EE0FFF800FDBDB1 /* refresh05.png */ = {isa = PBXFileReference; lastKnownFileType = image.png; path = refresh05.png; sourceTree = "<group>"; };
		0443C9FD1EE0FFF800FDBDB1 /* refresh06.png */ = {isa = PBXFileReference; lastKnownFileType = image.png; path = refresh06.png; sourceTree = "<group>"; };
		0443C9FE1EE0FFF800FDBDB1 /* refresh07.png */ = {isa = PBXFileReference; lastKnownFileType = image.png; path = refresh07.png; sourceTree = "<group>"; };
		0443C9FF1EE0FFF800FDBDB1 /* refresh08.png */ = {isa = PBXFileReference; lastKnownFileType = image.png; path = refresh08.png; sourceTree = "<group>"; };
		0443CA001EE0FFF800FDBDB1 /* refresh09.png */ = {isa = PBXFileReference; lastKnownFileType = image.png; path = refresh09.png; sourceTree = "<group>"; };
		0443CA011EE0FFF800FDBDB1 /* refresh10.png */ = {isa = PBXFileReference; lastKnownFileType = image.png; path = refresh10.png; sourceTree = "<group>"; };
		0448EE141EA85005005D36DC /* JXShopDemo.app */ = {isa = PBXFileReference; explicitFileType = wrapper.application; includeInIndex = 0; path = JXShopDemo.app; sourceTree = BUILT_PRODUCTS_DIR; };
		0448EE181EA85005005D36DC /* main.m */ = {isa = PBXFileReference; lastKnownFileType = sourcecode.c.objc; path = main.m; sourceTree = "<group>"; };
		0448EE1A1EA85005005D36DC /* AppDelegate.h */ = {isa = PBXFileReference; lastKnownFileType = sourcecode.c.h; path = AppDelegate.h; sourceTree = "<group>"; };
		0448EE1B1EA85005005D36DC /* AppDelegate.m */ = {isa = PBXFileReference; lastKnownFileType = sourcecode.c.objc; path = AppDelegate.m; sourceTree = "<group>"; };
		0448EE1D1EA85005005D36DC /* ViewController.h */ = {isa = PBXFileReference; lastKnownFileType = sourcecode.c.h; name = ViewController.h; path = ../ViewController.h; sourceTree = "<group>"; };
		0448EE1E1EA85005005D36DC /* ViewController.m */ = {isa = PBXFileReference; lastKnownFileType = sourcecode.c.objc; name = ViewController.m; path = ../ViewController.m; sourceTree = "<group>"; };
		0448EE211EA85005005D36DC /* Base */ = {isa = PBXFileReference; lastKnownFileType = file.storyboard; name = Base; path = Base.lproj/Main.storyboard; sourceTree = "<group>"; };
		0448EE231EA85005005D36DC /* Assets.xcassets */ = {isa = PBXFileReference; lastKnownFileType = folder.assetcatalog; path = Assets.xcassets; sourceTree = "<group>"; };
		0448EE261EA85005005D36DC /* Base */ = {isa = PBXFileReference; lastKnownFileType = file.storyboard; name = Base; path = Base.lproj/LaunchScreen.storyboard; sourceTree = "<group>"; };
		0448EE281EA85005005D36DC /* Info.plist */ = {isa = PBXFileReference; lastKnownFileType = text.plist.xml; path = Info.plist; sourceTree = "<group>"; };
		0448EE321EA8950F005D36DC /* UIScrollView+JXPage.h */ = {isa = PBXFileReference; fileEncoding = 4; lastKnownFileType = sourcecode.c.h; name = "UIScrollView+JXPage.h"; path = "../../UIScrollView+JXPage.h"; sourceTree = "<group>"; };
		0448EE331EA8950F005D36DC /* UIScrollView+JXPage.m */ = {isa = PBXFileReference; fileEncoding = 4; lastKnownFileType = sourcecode.c.objc; name = "UIScrollView+JXPage.m"; path = "../../UIScrollView+JXPage.m"; sourceTree = "<group>"; };
		0448EE3B1EA8A047005D36DC /* JXGoodAttributesView.h */ = {isa = PBXFileReference; fileEncoding = 4; lastKnownFileType = sourcecode.c.h; path = JXGoodAttributesView.h; sourceTree = "<group>"; };
		0448EE3C1EA8A047005D36DC /* JXGoodAttributesView.m */ = {isa = PBXFileReference; fileEncoding = 4; lastKnownFileType = sourcecode.c.objc; path = JXGoodAttributesView.m; sourceTree = "<group>"; };
		0448EE3E1EA8A165005D36DC /* GlobalDefine.h */ = {isa = PBXFileReference; fileEncoding = 4; lastKnownFileType = sourcecode.c.h; path = GlobalDefine.h; sourceTree = "<group>"; };
		0448EE3F1EA8A188005D36DC /* ACMacros.h */ = {isa = PBXFileReference; fileEncoding = 4; lastKnownFileType = sourcecode.c.h; path = ACMacros.h; sourceTree = "<group>"; };
		0448EE401EA8A19F005D36DC /* UIButton+Bootstrap.h */ = {isa = PBXFileReference; fileEncoding = 4; lastKnownFileType = sourcecode.c.h; path = "UIButton+Bootstrap.h"; sourceTree = "<group>"; };
		0448EE411EA8A19F005D36DC /* UIButton+Bootstrap.m */ = {isa = PBXFileReference; fileEncoding = 4; lastKnownFileType = sourcecode.c.objc; path = "UIButton+Bootstrap.m"; sourceTree = "<group>"; };
		0448EE431EA8A1E8005D36DC /* JXGoodAttrModel.h */ = {isa = PBXFileReference; fileEncoding = 4; lastKnownFileType = sourcecode.c.h; path = JXGoodAttrModel.h; sourceTree = "<group>"; };
		0448EE441EA8A1E8005D36DC /* JXGoodAttrModel.m */ = {isa = PBXFileReference; fileEncoding = 4; lastKnownFileType = sourcecode.c.objc; path = JXGoodAttrModel.m; sourceTree = "<group>"; };
		0448EE471EA8AB6D005D36DC /* JXTagFrame.h */ = {isa = PBXFileReference; fileEncoding = 4; lastKnownFileType = sourcecode.c.h; path = JXTagFrame.h; sourceTree = "<group>"; };
		0448EE481EA8AB6D005D36DC /* JXTagFrame.m */ = {isa = PBXFileReference; fileEncoding = 4; lastKnownFileType = sourcecode.c.objc; path = JXTagFrame.m; sourceTree = "<group>"; };
		0448EE4A1EA8B04E005D36DC /* JXTagView.h */ = {isa = PBXFileReference; fileEncoding = 4; lastKnownFileType = sourcecode.c.h; path = JXTagView.h; sourceTree = "<group>"; };
		0448EE4B1EA8B04E005D36DC /* JXTagView.m */ = {isa = PBXFileReference; fileEncoding = 4; lastKnownFileType = sourcecode.c.objc; path = JXTagView.m; sourceTree = "<group>"; };
		0448EE4D1EA8BBC2005D36DC /* JXGoodAttributesCell.h */ = {isa = PBXFileReference; fileEncoding = 4; lastKnownFileType = sourcecode.c.h; path = JXGoodAttributesCell.h; sourceTree = "<group>"; };
		0448EE4E1EA8BBC2005D36DC /* JXGoodAttributesCell.m */ = {isa = PBXFileReference; fileEncoding = 4; lastKnownFileType = sourcecode.c.objc; path = JXGoodAttributesCell.m; sourceTree = "<group>"; };
		0448EE501EA8C9F0005D36DC /* UIView+JXShopCarAnimation.h */ = {isa = PBXFileReference; fileEncoding = 4; lastKnownFileType = sourcecode.c.h; name = "UIView+JXShopCarAnimation.h"; path = "../../View/UIView+JXShopCarAnimation.h"; sourceTree = "<group>"; };
		0448EE511EA8C9F0005D36DC /* UIView+JXShopCarAnimation.m */ = {isa = PBXFileReference; fileEncoding = 4; lastKnownFileType = sourcecode.c.objc; name = "UIView+JXShopCarAnimation.m"; path = "../../View/UIView+JXShopCarAnimation.m"; sourceTree = "<group>"; };
		0448EE531EA8CBF0005D36DC /* JXGoodDetailsViewController.h */ = {isa = PBXFileReference; fileEncoding = 4; lastKnownFileType = sourcecode.c.h; path = JXGoodDetailsViewController.h; sourceTree = "<group>"; };
		0448EE541EA8CBF0005D36DC /* JXGoodDetailsViewController.m */ = {isa = PBXFileReference; fileEncoding = 4; lastKnownFileType = sourcecode.c.objc; path = JXGoodDetailsViewController.m; sourceTree = "<group>"; };
		0449D8A61EC5AF1E0000890F /* PPNumberButton.h */ = {isa = PBXFileReference; fileEncoding = 4; lastKnownFileType = sourcecode.c.h; path = PPNumberButton.h; sourceTree = "<group>"; };
		0449D8A71EC5AF1E0000890F /* PPNumberButton.m */ = {isa = PBXFileReference; fileEncoding = 4; lastKnownFileType = sourcecode.c.objc; path = PPNumberButton.m; sourceTree = "<group>"; };
		04982E431EC9A7CC0084E90F /* JXShopCartCell.h */ = {isa = PBXFileReference; fileEncoding = 4; lastKnownFileType = sourcecode.c.h; path = JXShopCartCell.h; sourceTree = "<group>"; };
		04982E441EC9A7CC0084E90F /* JXShopCartCell.m */ = {isa = PBXFileReference; fileEncoding = 4; lastKnownFileType = sourcecode.c.objc; path = JXShopCartCell.m; sourceTree = "<group>"; };
		049ED3321EA99A0B00F924E1 /* JXGoodDetailsPictureCell.h */ = {isa = PBXFileReference; fileEncoding = 4; lastKnownFileType = sourcecode.c.h; path = JXGoodDetailsPictureCell.h; sourceTree = "<group>"; };
		049ED3331EA99A0B00F924E1 /* JXGoodDetailsPictureCell.m */ = {isa = PBXFileReference; fileEncoding = 4; lastKnownFileType = sourcecode.c.objc; path = JXGoodDetailsPictureCell.m; sourceTree = "<group>"; };
		049ED3351EA99EDB00F924E1 /* JXShopCarViewController.h */ = {isa = PBXFileReference; fileEncoding = 4; lastKnownFileType = sourcecode.c.h; path = JXShopCarViewController.h; sourceTree = "<group>"; };
		049ED3361EA99EDB00F924E1 /* JXShopCarViewController.m */ = {isa = PBXFileReference; fileEncoding = 4; lastKnownFileType = sourcecode.c.objc; path = JXShopCarViewController.m; sourceTree = "<group>"; };
		049ED3381EA99F8200F924E1 /* JXShopViewModel.h */ = {isa = PBXFileReference; fileEncoding = 4; lastKnownFileType = sourcecode.c.h; path = JXShopViewModel.h; sourceTree = "<group>"; };
		049ED3391EA99F8200F924E1 /* JXShopViewModel.m */ = {isa = PBXFileReference; fileEncoding = 4; lastKnownFileType = sourcecode.c.objc; path = JXShopViewModel.m; sourceTree = "<group>"; };
		049ED33B1EA9B4E600F924E1 /* JXShopUIService.h */ = {isa = PBXFileReference; fileEncoding = 4; lastKnownFileType = sourcecode.c.h; path = JXShopUIService.h; sourceTree = "<group>"; };
		049ED33C1EA9B4E600F924E1 /* JXShopUIService.m */ = {isa = PBXFileReference; fileEncoding = 4; lastKnownFileType = sourcecode.c.objc; path = JXShopUIService.m; sourceTree = "<group>"; };
		049ED33E1EA9B4FE00F924E1 /* JXShopCarViewModel.h */ = {isa = PBXFileReference; fileEncoding = 4; lastKnownFileType = sourcecode.c.h; path = JXShopCarViewModel.h; sourceTree = "<group>"; };
		049ED33F1EA9B4FE00F924E1 /* JXShopCarViewModel.m */ = {isa = PBXFileReference; fileEncoding = 4; lastKnownFileType = sourcecode.c.objc; path = JXShopCarViewModel.m; sourceTree = "<group>"; };
		049ED3411EA9B75800F924E1 /* JXShopCarTableHeaderView.h */ = {isa = PBXFileReference; fileEncoding = 4; lastKnownFileType = sourcecode.c.h; path = JXShopCarTableHeaderView.h; sourceTree = "<group>"; };
		049ED3421EA9B75800F924E1 /* JXShopCarTableHeaderView.m */ = {isa = PBXFileReference; fileEncoding = 4; lastKnownFileType = sourcecode.c.objc; path = JXShopCarTableHeaderView.m; sourceTree = "<group>"; };
		049ED3441EA9B82700F924E1 /* JXShopDemo.pch */ = {isa = PBXFileReference; lastKnownFileType = sourcecode.c.h; path = JXShopDemo.pch; sourceTree = "<group>"; };
		04C808141EF8BD540098DACC /* JXShopDetailViewController.h */ = {isa = PBXFileReference; fileEncoding = 4; lastKnownFileType = sourcecode.c.h; path = JXShopDetailViewController.h; sourceTree = "<group>"; };
		04C808151EF8BD540098DACC /* JXShopDetailViewController.m */ = {isa = PBXFileReference; fileEncoding = 4; lastKnownFileType = sourcecode.c.objc; path = JXShopDetailViewController.m; sourceTree = "<group>"; };
		04C808171EF8BEE50098DACC /* JXShopDetailBottomView.h */ = {isa = PBXFileReference; fileEncoding = 4; lastKnownFileType = sourcecode.c.h; path = JXShopDetailBottomView.h; sourceTree = "<group>"; };
		04C808181EF8BEE50098DACC /* JXShopDetailBottomView.m */ = {isa = PBXFileReference; fileEncoding = 4; lastKnownFileType = sourcecode.c.objc; path = JXShopDetailBottomView.m; sourceTree = "<group>"; };
		04C8081A1EF8BF1C0098DACC /* UIColor+GGColor.h */ = {isa = PBXFileReference; fileEncoding = 4; lastKnownFileType = sourcecode.c.h; path = "UIColor+GGColor.h"; sourceTree = "<group>"; };
		04C8081B1EF8BF1C0098DACC /* UIColor+GGColor.m */ = {isa = PBXFileReference; fileEncoding = 4; lastKnownFileType = sourcecode.c.objc; path = "UIColor+GGColor.m"; sourceTree = "<group>"; };
		04C8081D1EF8C3660098DACC /* JXShopDetailNavigationBar.h */ = {isa = PBXFileReference; fileEncoding = 4; lastKnownFileType = sourcecode.c.h; path = JXShopDetailNavigationBar.h; sourceTree = "<group>"; };
		04C8081E1EF8C3660098DACC /* JXShopDetailNavigationBar.m */ = {isa = PBXFileReference; fileEncoding = 4; lastKnownFileType = sourcecode.c.objc; path = JXShopDetailNavigationBar.m; sourceTree = "<group>"; };
		04C808201EF8C3B90098DACC /* JXShopDetailHeaderView.h */ = {isa = PBXFileReference; fileEncoding = 4; lastKnownFileType = sourcecode.c.h; path = JXShopDetailHeaderView.h; sourceTree = "<group>"; };
		04C808211EF8C3B90098DACC /* JXShopDetailHeaderView.m */ = {isa = PBXFileReference; fileEncoding = 4; lastKnownFileType = sourcecode.c.objc; path = JXShopDetailHeaderView.m; sourceTree = "<group>"; };
		04C808231EF8C43F0098DACC /* JXShopDetailScrollView.h */ = {isa = PBXFileReference; fileEncoding = 4; lastKnownFileType = sourcecode.c.h; path = JXShopDetailScrollView.h; sourceTree = "<group>"; };
		04C808241EF8C43F0098DACC /* JXShopDetailScrollView.m */ = {isa = PBXFileReference; fileEncoding = 4; lastKnownFileType = sourcecode.c.objc; path = JXShopDetailScrollView.m; sourceTree = "<group>"; };
		04C808261EF8C4850098DACC /* JXShopDetailCollectionView.h */ = {isa = PBXFileReference; fileEncoding = 4; lastKnownFileType = sourcecode.c.h; path = JXShopDetailCollectionView.h; sourceTree = "<group>"; };
		04C808271EF8C4850098DACC /* JXShopDetailCollectionView.m */ = {isa = PBXFileReference; fileEncoding = 4; lastKnownFileType = sourcecode.c.objc; path = JXShopDetailCollectionView.m; sourceTree = "<group>"; };
		04C808291EF8C4B80098DACC /* JXCommonCollectionView.h */ = {isa = PBXFileReference; fileEncoding = 4; lastKnownFileType = sourcecode.c.h; path = JXCommonCollectionView.h; sourceTree = "<group>"; };
		04C8082A1EF8C4B80098DACC /* JXCommonCollectionView.m */ = {isa = PBXFileReference; fileEncoding = 4; lastKnownFileType = sourcecode.c.objc; path = JXCommonCollectionView.m; sourceTree = "<group>"; };
		04C8082C1EF8C4EA0098DACC /* JXCommonCollectionViewModel.h */ = {isa = PBXFileReference; fileEncoding = 4; lastKnownFileType = sourcecode.c.h; name = JXCommonCollectionViewModel.h; path = ../Model/JXCommonCollectionViewModel.h; sourceTree = "<group>"; };
		04C8082D1EF8C4EA0098DACC /* JXCommonCollectionViewModel.m */ = {isa = PBXFileReference; fileEncoding = 4; lastKnownFileType = sourcecode.c.objc; name = JXCommonCollectionViewModel.m; path = ../Model/JXCommonCollectionViewModel.m; sourceTree = "<group>"; };
		04C808301EF8C5200098DACC /* JXShopProductCollectionViewCell.h */ = {isa = PBXFileReference; fileEncoding = 4; lastKnownFileType = sourcecode.c.h; path = JXShopProductCollectionViewCell.h; sourceTree = "<group>"; };
		04C808311EF8C5200098DACC /* JXShopProductCollectionViewCell.m */ = {isa = PBXFileReference; fileEncoding = 4; lastKnownFileType = sourcecode.c.objc; path = JXShopProductCollectionViewCell.m; sourceTree = "<group>"; };
		04C808331EF8C5480098DACC /* JXShopProductCollectionCellViewModel.h */ = {isa = PBXFileReference; fileEncoding = 4; lastKnownFileType = sourcecode.c.h; path = JXShopProductCollectionCellViewModel.h; sourceTree = "<group>"; };
		04C808341EF8C5480098DACC /* JXShopProductCollectionCellViewModel.m */ = {isa = PBXFileReference; fileEncoding = 4; lastKnownFileType = sourcecode.c.objc; path = JXShopProductCollectionCellViewModel.m; sourceTree = "<group>"; };
		04C808361EF8C5F70098DACC /* JXShopProductCollectionCellViewData.h */ = {isa = PBXFileReference; fileEncoding = 4; lastKnownFileType = sourcecode.c.h; path = JXShopProductCollectionCellViewData.h; sourceTree = "<group>"; };
		04C808371EF8C5F70098DACC /* JXShopProductCollectionCellViewData.m */ = {isa = PBXFileReference; fileEncoding = 4; lastKnownFileType = sourcecode.c.objc; path = JXShopProductCollectionCellViewData.m; sourceTree = "<group>"; };
		04C808391EF8C9110098DACC /* JXShopDetailViewModel.h */ = {isa = PBXFileReference; fileEncoding = 4; lastKnownFileType = sourcecode.c.h; path = JXShopDetailViewModel.h; sourceTree = "<group>"; };
		04C8083A1EF8C9110098DACC /* JXShopDetailViewModel.m */ = {isa = PBXFileReference; fileEncoding = 4; lastKnownFileType = sourcecode.c.objc; path = JXShopDetailViewModel.m; sourceTree = "<group>"; };
		04C8083C1EF8C9430098DACC /* JXShopDetailInfo.h */ = {isa = PBXFileReference; fileEncoding = 4; lastKnownFileType = sourcecode.c.h; path = JXShopDetailInfo.h; sourceTree = "<group>"; };
		04C8083D1EF8C9430098DACC /* JXShopDetailInfo.m */ = {isa = PBXFileReference; fileEncoding = 4; lastKnownFileType = sourcecode.c.objc; path = JXShopDetailInfo.m; sourceTree = "<group>"; };
		04C8083F1EF8C9660098DACC /* JXShopDetailUserCase.h */ = {isa = PBXFileReference; fileEncoding = 4; lastKnownFileType = sourcecode.c.h; path = JXShopDetailUserCase.h; sourceTree = "<group>"; };
		04C808401EF8C9660098DACC /* JXShopDetailUserCase.m */ = {isa = PBXFileReference; fileEncoding = 4; lastKnownFileType = sourcecode.c.objc; path = JXShopDetailUserCase.m; sourceTree = "<group>"; };
		04C808431EF8CFAA0098DACC /* LYSelectTabBar.h */ = {isa = PBXFileReference; fileEncoding = 4; lastKnownFileType = sourcecode.c.h; path = LYSelectTabBar.h; sourceTree = "<group>"; };
		04C808441EF8CFAA0098DACC /* LYSelectTabBar.m */ = {isa = PBXFileReference; fileEncoding = 4; lastKnownFileType = sourcecode.c.objc; path = LYSelectTabBar.m; sourceTree = "<group>"; };
		04C808461EF8D0F30098DACC /* JXShopDetailTabScrollView.h */ = {isa = PBXFileReference; fileEncoding = 4; lastKnownFileType = sourcecode.c.h; path = JXShopDetailTabScrollView.h; sourceTree = "<group>"; };
		04C808471EF8D0F30098DACC /* JXShopDetailTabScrollView.m */ = {isa = PBXFileReference; fileEncoding = 4; lastKnownFileType = sourcecode.c.objc; path = JXShopDetailTabScrollView.m; sourceTree = "<group>"; };
		04C808491EF8D1550098DACC /* JXShopDetailTabScrollViewModel.h */ = {isa = PBXFileReference; fileEncoding = 4; lastKnownFileType = sourcecode.c.h; path = JXShopDetailTabScrollViewModel.h; sourceTree = "<group>"; };
		04C8084A1EF8D1550098DACC /* JXShopDetailTabScrollViewModel.m */ = {isa = PBXFileReference; fileEncoding = 4; lastKnownFileType = sourcecode.c.objc; path = JXShopDetailTabScrollViewModel.m; sourceTree = "<group>"; };
		04C8084C1EF8D2B10098DACC /* LYSelectView.h */ = {isa = PBXFileReference; fileEncoding = 4; lastKnownFileType = sourcecode.c.h; path = LYSelectView.h; sourceTree = "<group>"; };
		04C8084D1EF8D2B10098DACC /* LYSelectView.m */ = {isa = PBXFileReference; fileEncoding = 4; lastKnownFileType = sourcecode.c.objc; path = LYSelectView.m; sourceTree = "<group>"; };
		04C8084F1EF8D4C10098DACC /* JXShopDetailCollectionViewModel.h */ = {isa = PBXFileReference; fileEncoding = 4; lastKnownFileType = sourcecode.c.h; path = JXShopDetailCollectionViewModel.h; sourceTree = "<group>"; };
		04C808501EF8D4C10098DACC /* JXShopDetailCollectionViewModel.m */ = {isa = PBXFileReference; fileEncoding = 4; lastKnownFileType = sourcecode.c.objc; path = JXShopDetailCollectionViewModel.m; sourceTree = "<group>"; };
		04C808521EF8FC690098DACC /* shopDetail.gif */ = {isa = PBXFileReference; lastKnownFileType = image.gif; path = shopDetail.gif; sourceTree = "<group>"; };
		0BDCF3F7CDAF28473C378E52 /* Pods-JXShopDemo.release.xcconfig */ = {isa = PBXFileReference; includeInIndex = 1; lastKnownFileType = text.xcconfig; name = "Pods-JXShopDemo.release.xcconfig"; path = "Pods/Target Support Files/Pods-JXShopDemo/Pods-JXShopDemo.release.xcconfig"; sourceTree = "<group>"; };
		407C7F9E41E789A679003F91 /* Pods-JXShopDemo.debug.xcconfig */ = {isa = PBXFileReference; includeInIndex = 1; lastKnownFileType = text.xcconfig; name = "Pods-JXShopDemo.debug.xcconfig"; path = "Pods/Target Support Files/Pods-JXShopDemo/Pods-JXShopDemo.debug.xcconfig"; sourceTree = "<group>"; };
		F6B22B27185B83A2695255E6 /* Pods_JXShopDemo.framework */ = {isa = PBXFileReference; explicitFileType = wrapper.framework; includeInIndex = 0; path = Pods_JXShopDemo.framework; sourceTree = BUILT_PRODUCTS_DIR; };
/* End PBXFileReference section */

/* Begin PBXFrameworksBuildPhase section */
		0448EE111EA85005005D36DC /* Frameworks */ = {
			isa = PBXFrameworksBuildPhase;
			buildActionMask = 2147483647;
			files = (
				1B4DAD8FB4F54A27782C3B48 /* Pods_JXShopDemo.framework in Frameworks */,
			);
			runOnlyForDeploymentPostprocessing = 0;
		};
/* End PBXFrameworksBuildPhase section */

/* Begin PBXGroup section */
		0443A6251EC5566000364970 /* images */ = {
			isa = PBXGroup;
			children = (
				0443C9BE1EE0FFF800FDBDB1 /* images */,
				04351ED11ECADE89007A24D3 /* shopCart.gif */,
				04C808521EF8FC690098DACC /* shopDetail.gif */,
				0443A6261EC556DC00364970 /* chooseGood.gif */,
			);
			path = images;
			sourceTree = "<group>";
		};
		0443C9BE1EE0FFF800FDBDB1 /* images */ = {
			isa = PBXGroup;
			children = (
				0443C9BF1EE0FFF800FDBDB1 /* banTangImage */,
				0443C9CE1EE0FFF800FDBDB1 /* Cycle */,
				0443C9D71EE0FFF800FDBDB1 /* Recmand */,
				0443C9EC1EE0FFF800FDBDB1 /* Refresh */,
			);
			path = images;
			sourceTree = "<group>";
		};
		0443C9BF1EE0FFF800FDBDB1 /* banTangImage */ = {
			isa = PBXGroup;
			children = (
				0443C9C01EE0FFF800FDBDB1 /* home_email_black.png */,
				0443C9C11EE0FFF800FDBDB1 /* home_email_red.png */,
				0443C9C21EE0FFF800FDBDB1 /* home_emared.png */,
				0443C9C31EE0FFF800FDBDB1 /* home_like.png */,
				0443C9C41EE0FFF800FDBDB1 /* home_search_icon.png */,
				0443C9C51EE0FFF800FDBDB1 /* home_watch.png */,
				0443C9C61EE0FFF800FDBDB1 /* nar_bgbg.png */,
				0443C9C71EE0FFF800FDBDB1 /* tab_bar_bg.png */,
				0443C9C81EE0FFF800FDBDB1 /* tab_publish_add.png */,
				0443C9C91EE0FFF800FDBDB1 /* tab_publish_add_pressed.png */,
				0443C9CA1EE0FFF800FDBDB1 /* tab_我的.png */,
				0443C9CB1EE0FFF800FDBDB1 /* tab_我的_pressed.png */,
				0443C9CC1EE0FFF800FDBDB1 /* tab_首页.png */,
				0443C9CD1EE0FFF800FDBDB1 /* tab_首页_pressed.png */,
			);
			path = banTangImage;
			sourceTree = "<group>";
		};
		0443C9CE1EE0FFF800FDBDB1 /* Cycle */ = {
			isa = PBXGroup;
			children = (
				0443C9CF1EE0FFF800FDBDB1 /* cycle_01.jpg */,
				0443C9D01EE0FFF800FDBDB1 /* cycle_02.jpg */,
				0443C9D11EE0FFF800FDBDB1 /* cycle_03.jpg */,
				0443C9D21EE0FFF800FDBDB1 /* cycle_04.jpg */,
				0443C9D31EE0FFF800FDBDB1 /* cycle_05.jpg */,
				0443C9D41EE0FFF800FDBDB1 /* cycle_06.jpg */,
				0443C9D51EE0FFF800FDBDB1 /* cycle_07.jpg */,
				0443C9D61EE0FFF800FDBDB1 /* cycle_08.jpg */,
			);
			path = Cycle;
			sourceTree = "<group>";
		};
		0443C9D71EE0FFF800FDBDB1 /* Recmand */ = {
			isa = PBXGroup;
			children = (
				0443C9D81EE0FFF800FDBDB1 /* recomand_01.jpg */,
				0443C9D91EE0FFF800FDBDB1 /* recomand_02.jpg */,
				0443C9DA1EE0FFF800FDBDB1 /* recomand_03.jpg */,
				0443C9DB1EE0FFF800FDBDB1 /* recomand_04.jpg */,
				0443C9DC1EE0FFF800FDBDB1 /* recomand_05.jpg */,
				0443C9DD1EE0FFF800FDBDB1 /* recomand_06.jpg */,
				0443C9DE1EE0FFF800FDBDB1 /* recomand_07.jpg */,
				0443C9DF1EE0FFF800FDBDB1 /* recomand_08.jpg */,
				0443C9E01EE0FFF800FDBDB1 /* recomand_09.jpg */,
				0443C9E11EE0FFF800FDBDB1 /* recomand_10.jpg */,
				0443C9E21EE0FFF800FDBDB1 /* recomand_11.jpg */,
				0443C9E31EE0FFF800FDBDB1 /* recomand_12.jpg */,
				0443C9E41EE0FFF800FDBDB1 /* recomand_13.jpg */,
				0443C9E51EE0FFF800FDBDB1 /* recomand_14.jpg */,
				0443C9E61EE0FFF800FDBDB1 /* recomand_15.jpg */,
				0443C9E71EE0FFF800FDBDB1 /* recomand_16.jpg */,
				0443C9E81EE0FFF800FDBDB1 /* recomand_17.jpg */,
				0443C9E91EE0FFF800FDBDB1 /* recomand_18.jpg */,
				0443C9EA1EE0FFF800FDBDB1 /* recomand_19.jpg */,
				0443C9EB1EE0FFF800FDBDB1 /* recomand_20.jpg */,
			);
			path = Recmand;
			sourceTree = "<group>";
		};
		0443C9EC1EE0FFF800FDBDB1 /* Refresh */ = {
			isa = PBXGroup;
			children = (
				0443C9ED1EE0FFF800FDBDB1 /* header01@2x.jpg */,
				0443C9EE1EE0FFF800FDBDB1 /* header02@2x.jpg */,
				0443C9EF1EE0FFF800FDBDB1 /* header03@2x.jpg */,
				0443C9F01EE0FFF800FDBDB1 /* header04@2x.jpg */,
				0443C9F11EE0FFF800FDBDB1 /* header05@2x.jpg */,
				0443C9F21EE0FFF800FDBDB1 /* header06@2x.jpg */,
				0443C9F31EE0FFF800FDBDB1 /* header07@2x.jpg */,
				0443C9F41EE0FFF800FDBDB1 /* header08@2x.jpg */,
				0443C9F51EE0FFF800FDBDB1 /* header09@2x.jpg */,
				0443C9F61EE0FFF800FDBDB1 /* header10@2x.jpg */,
				0443C9F71EE0FFF800FDBDB1 /* refresh00.png */,
				0443C9F81EE0FFF800FDBDB1 /* refresh01.png */,
				0443C9F91EE0FFF800FDBDB1 /* refresh02.png */,
				0443C9FA1EE0FFF800FDBDB1 /* refresh03.png */,
				0443C9FB1EE0FFF800FDBDB1 /* refresh04.png */,
				0443C9FC1EE0FFF800FDBDB1 /* refresh05.png */,
				0443C9FD1EE0FFF800FDBDB1 /* refresh06.png */,
				0443C9FE1EE0FFF800FDBDB1 /* refresh07.png */,
				0443C9FF1EE0FFF800FDBDB1 /* refresh08.png */,
				0443CA001EE0FFF800FDBDB1 /* refresh09.png */,
				0443CA011EE0FFF800FDBDB1 /* refresh10.png */,
			);
			path = Refresh;
			sourceTree = "<group>";
		};
		0448EE0B1EA85005005D36DC = {
			isa = PBXGroup;
			children = (
				0448EE161EA85005005D36DC /* JXShopDemo */,
				0448EE151EA85005005D36DC /* Products */,
				8EDECB5B4081423C67826F63 /* Pods */,
				27E81167B5EB88D3EE97C3E2 /* Frameworks */,
			);
			sourceTree = "<group>";
		};
		0448EE151EA85005005D36DC /* Products */ = {
			isa = PBXGroup;
			children = (
				0448EE141EA85005005D36DC /* JXShopDemo.app */,
			);
			name = Products;
			sourceTree = "<group>";
		};
		0448EE161EA85005005D36DC /* JXShopDemo */ = {
			isa = PBXGroup;
			children = (
				04C8080F1EF8BD100098DACC /* ShopDetail（店铺详情） */,
				0443A6251EC5566000364970 /* images */,
				0448EE351EA89FF7005D36DC /* Controller */,
				0448EE361EA89FF7005D36DC /* Model */,
				0448EE371EA89FF7005D36DC /* View */,
				0448EE381EA89FF7005D36DC /* ViewModel */,
				0448EE391EA8A01B005D36DC /* Other */,
				0448EE1A1EA85005005D36DC /* AppDelegate.h */,
				0448EE1B1EA85005005D36DC /* AppDelegate.m */,
				0448EE201EA85005005D36DC /* Main.storyboard */,
				0448EE231EA85005005D36DC /* Assets.xcassets */,
				0448EE251EA85005005D36DC /* LaunchScreen.storyboard */,
				0448EE281EA85005005D36DC /* Info.plist */,
				0448EE171EA85005005D36DC /* Supporting Files */,
			);
			path = JXShopDemo;
			sourceTree = "<group>";
		};
		0448EE171EA85005005D36DC /* Supporting Files */ = {
			isa = PBXGroup;
			children = (
				04351ECA1ECA979F007A24D3 /* shopcart.plist */,
				0448EE181EA85005005D36DC /* main.m */,
				049ED3441EA9B82700F924E1 /* JXShopDemo.pch */,
			);
			name = "Supporting Files";
			sourceTree = "<group>";
		};
		0448EE351EA89FF7005D36DC /* Controller */ = {
			isa = PBXGroup;
			children = (
				0448EE1D1EA85005005D36DC /* ViewController.h */,
				0448EE1E1EA85005005D36DC /* ViewController.m */,
				0448EE531EA8CBF0005D36DC /* JXGoodDetailsViewController.h */,
				0448EE541EA8CBF0005D36DC /* JXGoodDetailsViewController.m */,
				049ED3351EA99EDB00F924E1 /* JXShopCarViewController.h */,
				049ED3361EA99EDB00F924E1 /* JXShopCarViewController.m */,
			);
			path = Controller;
			sourceTree = "<group>";
		};
		0448EE361EA89FF7005D36DC /* Model */ = {
			isa = PBXGroup;
			children = (
				0448EE431EA8A1E8005D36DC /* JXGoodAttrModel.h */,
				0448EE441EA8A1E8005D36DC /* JXGoodAttrModel.m */,
				04351EC71ECA94D9007A24D3 /* JXShopcartBrandModel.h */,
				04351EC81ECA94D9007A24D3 /* JXShopcartBrandModel.m */,
				04351EC41ECA94C4007A24D3 /* JXShopcartProductModel.h */,
				04351EC51ECA94C4007A24D3 /* JXShopcartProductModel.m */,
			);
			path = Model;
			sourceTree = "<group>";
		};
		0448EE371EA89FF7005D36DC /* View */ = {
			isa = PBXGroup;
			children = (
				0448EE3B1EA8A047005D36DC /* JXGoodAttributesView.h */,
				0448EE3C1EA8A047005D36DC /* JXGoodAttributesView.m */,
				0448EE4D1EA8BBC2005D36DC /* JXGoodAttributesCell.h */,
				0448EE4E1EA8BBC2005D36DC /* JXGoodAttributesCell.m */,
				049ED3321EA99A0B00F924E1 /* JXGoodDetailsPictureCell.h */,
				049ED3331EA99A0B00F924E1 /* JXGoodDetailsPictureCell.m */,
				049ED3411EA9B75800F924E1 /* JXShopCarTableHeaderView.h */,
				049ED3421EA9B75800F924E1 /* JXShopCarTableHeaderView.m */,
				04982E431EC9A7CC0084E90F /* JXShopCartCell.h */,
				04982E441EC9A7CC0084E90F /* JXShopCartCell.m */,
				04351ECC1ECAABA0007A24D3 /* JXShopcartBottomView.h */,
				04351ECD1ECAABA0007A24D3 /* JXShopcartBottomView.m */,
			);
			path = View;
			sourceTree = "<group>";
		};
		0448EE381EA89FF7005D36DC /* ViewModel */ = {
			isa = PBXGroup;
			children = (
				049ED3381EA99F8200F924E1 /* JXShopViewModel.h */,
				049ED3391EA99F8200F924E1 /* JXShopViewModel.m */,
				049ED33B1EA9B4E600F924E1 /* JXShopUIService.h */,
				049ED33C1EA9B4E600F924E1 /* JXShopUIService.m */,
				049ED33E1EA9B4FE00F924E1 /* JXShopCarViewModel.h */,
				049ED33F1EA9B4FE00F924E1 /* JXShopCarViewModel.m */,
			);
			path = ViewModel;
			sourceTree = "<group>";
		};
		0448EE391EA8A01B005D36DC /* Other */ = {
			isa = PBXGroup;
			children = (
				0449D8A51EC5AF1E0000890F /* PPNumberButton */,
				0448EE461EA8AB4A005D36DC /* JXTagView */,
				0448EE3F1EA8A188005D36DC /* ACMacros.h */,
				0448EE3E1EA8A165005D36DC /* GlobalDefine.h */,
				0448EE3A1EA8A01B005D36DC /* Category */,
			);
			path = Other;
			sourceTree = "<group>";
		};
		0448EE3A1EA8A01B005D36DC /* Category */ = {
			isa = PBXGroup;
			children = (
				04C8081A1EF8BF1C0098DACC /* UIColor+GGColor.h */,
				04C8081B1EF8BF1C0098DACC /* UIColor+GGColor.m */,
				0443C9B51EE0FE2C00FDBDB1 /* UIButton+Size.h */,
				0443C9B61EE0FE2C00FDBDB1 /* UIButton+Size.m */,
				0443C9B71EE0FE2C00FDBDB1 /* UIImage+JQImage.h */,
				0443C9B81EE0FE2C00FDBDB1 /* UIImage+JQImage.m */,
				0443C9B91EE0FE2C00FDBDB1 /* UIView+Extension.h */,
				0443C9BA1EE0FE2C00FDBDB1 /* UIView+Extension.m */,
				0448EE501EA8C9F0005D36DC /* UIView+JXShopCarAnimation.h */,
				0448EE511EA8C9F0005D36DC /* UIView+JXShopCarAnimation.m */,
				0448EE401EA8A19F005D36DC /* UIButton+Bootstrap.h */,
				0448EE411EA8A19F005D36DC /* UIButton+Bootstrap.m */,
				0448EE321EA8950F005D36DC /* UIScrollView+JXPage.h */,
				0448EE331EA8950F005D36DC /* UIScrollView+JXPage.m */,
			);
			path = Category;
			sourceTree = "<group>";
		};
		0448EE461EA8AB4A005D36DC /* JXTagView */ = {
			isa = PBXGroup;
			children = (
				0448EE471EA8AB6D005D36DC /* JXTagFrame.h */,
				0448EE481EA8AB6D005D36DC /* JXTagFrame.m */,
				0448EE4A1EA8B04E005D36DC /* JXTagView.h */,
				0448EE4B1EA8B04E005D36DC /* JXTagView.m */,
			);
			path = JXTagView;
			sourceTree = "<group>";
		};
		0449D8A51EC5AF1E0000890F /* PPNumberButton */ = {
			isa = PBXGroup;
			children = (
				0449D8A61EC5AF1E0000890F /* PPNumberButton.h */,
				0449D8A71EC5AF1E0000890F /* PPNumberButton.m */,
			);
			path = PPNumberButton;
			sourceTree = "<group>";
		};
		04C8080F1EF8BD100098DACC /* ShopDetail（店铺详情） */ = {
			isa = PBXGroup;
			children = (
				04C808421EF8CF880098DACC /* Vender */,
				04C808101EF8BD100098DACC /* Controller */,
				04C808111EF8BD100098DACC /* Model */,
				04C808121EF8BD100098DACC /* View */,
				04C808131EF8BD100098DACC /* ViewModel */,
			);
			path = "ShopDetail（店铺详情）";
			sourceTree = "<group>";
		};
		04C808101EF8BD100098DACC /* Controller */ = {
			isa = PBXGroup;
			children = (
				04C808141EF8BD540098DACC /* JXShopDetailViewController.h */,
				04C808151EF8BD540098DACC /* JXShopDetailViewController.m */,
			);
			path = Controller;
			sourceTree = "<group>";
		};
		04C808111EF8BD100098DACC /* Model */ = {
			isa = PBXGroup;
			children = (
				04C808361EF8C5F70098DACC /* JXShopProductCollectionCellViewData.h */,
				04C808371EF8C5F70098DACC /* JXShopProductCollectionCellViewData.m */,
				04C8083C1EF8C9430098DACC /* JXShopDetailInfo.h */,
				04C8083D1EF8C9430098DACC /* JXShopDetailInfo.m */,
				04C8083F1EF8C9660098DACC /* JXShopDetailUserCase.h */,
				04C808401EF8C9660098DACC /* JXShopDetailUserCase.m */,
			);
			path = Model;
			sourceTree = "<group>";
		};
		04C808121EF8BD100098DACC /* View */ = {
			isa = PBXGroup;
			children = (
				04C8082F1EF8C5050098DACC /* Cell */,
				04C808171EF8BEE50098DACC /* JXShopDetailBottomView.h */,
				04C808181EF8BEE50098DACC /* JXShopDetailBottomView.m */,
				04C8081D1EF8C3660098DACC /* JXShopDetailNavigationBar.h */,
				04C8081E1EF8C3660098DACC /* JXShopDetailNavigationBar.m */,
				04C808201EF8C3B90098DACC /* JXShopDetailHeaderView.h */,
				04C808211EF8C3B90098DACC /* JXShopDetailHeaderView.m */,
				04C808231EF8C43F0098DACC /* JXShopDetailScrollView.h */,
				04C808241EF8C43F0098DACC /* JXShopDetailScrollView.m */,
				04C808261EF8C4850098DACC /* JXShopDetailCollectionView.h */,
				04C808271EF8C4850098DACC /* JXShopDetailCollectionView.m */,
				04C808291EF8C4B80098DACC /* JXCommonCollectionView.h */,
				04C8082A1EF8C4B80098DACC /* JXCommonCollectionView.m */,
				04C808461EF8D0F30098DACC /* JXShopDetailTabScrollView.h */,
				04C808471EF8D0F30098DACC /* JXShopDetailTabScrollView.m */,
			);
			path = View;
			sourceTree = "<group>";
		};
		04C808131EF8BD100098DACC /* ViewModel */ = {
			isa = PBXGroup;
			children = (
				04C8082C1EF8C4EA0098DACC /* JXCommonCollectionViewModel.h */,
				04C8082D1EF8C4EA0098DACC /* JXCommonCollectionViewModel.m */,
				04C808331EF8C5480098DACC /* JXShopProductCollectionCellViewModel.h */,
				04C808341EF8C5480098DACC /* JXShopProductCollectionCellViewModel.m */,
				04C808391EF8C9110098DACC /* JXShopDetailViewModel.h */,
				04C8083A1EF8C9110098DACC /* JXShopDetailViewModel.m */,
				04C808491EF8D1550098DACC /* JXShopDetailTabScrollViewModel.h */,
				04C8084A1EF8D1550098DACC /* JXShopDetailTabScrollViewModel.m */,
				04C8084F1EF8D4C10098DACC /* JXShopDetailCollectionViewModel.h */,
				04C808501EF8D4C10098DACC /* JXShopDetailCollectionViewModel.m */,
			);
			path = ViewModel;
			sourceTree = "<group>";
		};
		04C8082F1EF8C5050098DACC /* Cell */ = {
			isa = PBXGroup;
			children = (
				04C808301EF8C5200098DACC /* JXShopProductCollectionViewCell.h */,
				04C808311EF8C5200098DACC /* JXShopProductCollectionViewCell.m */,
			);
			path = Cell;
			sourceTree = "<group>";
		};
		04C808421EF8CF880098DACC /* Vender */ = {
			isa = PBXGroup;
			children = (
				04C8084C1EF8D2B10098DACC /* LYSelectView.h */,
				04C8084D1EF8D2B10098DACC /* LYSelectView.m */,
				04C808431EF8CFAA0098DACC /* LYSelectTabBar.h */,
				04C808441EF8CFAA0098DACC /* LYSelectTabBar.m */,
			);
			path = Vender;
			sourceTree = "<group>";
		};
		27E81167B5EB88D3EE97C3E2 /* Frameworks */ = {
			isa = PBXGroup;
			children = (
				F6B22B27185B83A2695255E6 /* Pods_JXShopDemo.framework */,
			);
			name = Frameworks;
			sourceTree = "<group>";
		};
		8EDECB5B4081423C67826F63 /* Pods */ = {
			isa = PBXGroup;
			children = (
				407C7F9E41E789A679003F91 /* Pods-JXShopDemo.debug.xcconfig */,
				0BDCF3F7CDAF28473C378E52 /* Pods-JXShopDemo.release.xcconfig */,
			);
			name = Pods;
			sourceTree = "<group>";
		};
/* End PBXGroup section */

/* Begin PBXNativeTarget section */
		0448EE131EA85005005D36DC /* JXShopDemo */ = {
			isa = PBXNativeTarget;
			buildConfigurationList = 0448EE2B1EA85005005D36DC /* Build configuration list for PBXNativeTarget "JXShopDemo" */;
			buildPhases = (
				7B0D0F59842FA901047057DE /* [CP] Check Pods Manifest.lock */,
				0448EE101EA85005005D36DC /* Sources */,
				0448EE111EA85005005D36DC /* Frameworks */,
				0448EE121EA85005005D36DC /* Resources */,
				4E4F92E0C2C9585983C03EBE /* [CP] Embed Pods Frameworks */,
				CF8A11CB30C852D8E638028C /* [CP] Copy Pods Resources */,
			);
			buildRules = (
			);
			dependencies = (
			);
			name = JXShopDemo;
			productName = JXShopDemo;
			productReference = 0448EE141EA85005005D36DC /* JXShopDemo.app */;
			productType = "com.apple.product-type.application";
		};
/* End PBXNativeTarget section */

/* Begin PBXProject section */
		0448EE0C1EA85005005D36DC /* Project object */ = {
			isa = PBXProject;
			attributes = {
				LastUpgradeCheck = 0820;
				ORGANIZATIONNAME = Mr.Gao;
				TargetAttributes = {
					0448EE131EA85005005D36DC = {
						CreatedOnToolsVersion = 8.2.1;
						ProvisioningStyle = Automatic;
					};
				};
			};
			buildConfigurationList = 0448EE0F1EA85005005D36DC /* Build configuration list for PBXProject "JXShopDemo" */;
			compatibilityVersion = "Xcode 3.2";
			developmentRegion = English;
			hasScannedForEncodings = 0;
			knownRegions = (
				en,
				Base,
			);
			mainGroup = 0448EE0B1EA85005005D36DC;
			productRefGroup = 0448EE151EA85005005D36DC /* Products */;
			projectDirPath = "";
			projectRoot = "";
			targets = (
				0448EE131EA85005005D36DC /* JXShopDemo */,
			);
		};
/* End PBXProject section */

/* Begin PBXResourcesBuildPhase section */
		0448EE121EA85005005D36DC /* Resources */ = {
			isa = PBXResourcesBuildPhase;
			buildActionMask = 2147483647;
			files = (
				0443CA2C1EE0FFF800FDBDB1 /* header01@2x.jpg in Resources */,
				0443CA2F1EE0FFF800FDBDB1 /* header04@2x.jpg in Resources */,
				0443CA1A1EE0FFF800FDBDB1 /* recomand_03.jpg in Resources */,
				04351ED21ECADE89007A24D3 /* shopCart.gif in Resources */,
				0443CA281EE0FFF800FDBDB1 /* recomand_17.jpg in Resources */,
				0443CA341EE0FFF800FDBDB1 /* header09@2x.jpg in Resources */,
				0443CA1F1EE0FFF800FDBDB1 /* recomand_08.jpg in Resources */,
				0443CA241EE0FFF800FDBDB1 /* recomand_13.jpg in Resources */,
				0443CA401EE0FFF900FDBDB1 /* refresh10.png in Resources */,
				0443CA3F1EE0FFF900FDBDB1 /* refresh09.png in Resources */,
				0443CA021EE0FFF800FDBDB1 /* home_email_black.png in Resources */,
				0443CA201EE0FFF800FDBDB1 /* recomand_09.jpg in Resources */,
				0443A6271EC556DC00364970 /* chooseGood.gif in Resources */,
				0443CA2B1EE0FFF800FDBDB1 /* recomand_20.jpg in Resources */,
				0443CA0F1EE0FFF800FDBDB1 /* tab_首页_pressed.png in Resources */,
				0448EE271EA85005005D36DC /* LaunchScreen.storyboard in Resources */,
				0443CA3D1EE0FFF900FDBDB1 /* refresh07.png in Resources */,
				04351ECB1ECA979F007A24D3 /* shopcart.plist in Resources */,
				0443CA2D1EE0FFF800FDBDB1 /* header02@2x.jpg in Resources */,
				0443CA171EE0FFF800FDBDB1 /* cycle_08.jpg in Resources */,
				0443CA1D1EE0FFF800FDBDB1 /* recomand_06.jpg in Resources */,
				0443CA041EE0FFF800FDBDB1 /* home_emared.png in Resources */,
				0443CA301EE0FFF800FDBDB1 /* header05@2x.jpg in Resources */,
				0443CA3B1EE0FFF900FDBDB1 /* refresh05.png in Resources */,
				0443CA0E1EE0FFF800FDBDB1 /* tab_首页.png in Resources */,
				0443CA1B1EE0FFF800FDBDB1 /* recomand_04.jpg in Resources */,
				0448EE241EA85005005D36DC /* Assets.xcassets in Resources */,
				0448EE221EA85005005D36DC /* Main.storyboard in Resources */,
				0443CA361EE0FFF800FDBDB1 /* refresh00.png in Resources */,
				0443CA1E1EE0FFF800FDBDB1 /* recomand_07.jpg in Resources */,
				0443CA231EE0FFF800FDBDB1 /* recomand_12.jpg in Resources */,
				0443CA381EE0FFF800FDBDB1 /* refresh02.png in Resources */,
				0443CA0B1EE0FFF800FDBDB1 /* tab_publish_add_pressed.png in Resources */,
				0443CA121EE0FFF800FDBDB1 /* cycle_03.jpg in Resources */,
				0443CA151EE0FFF800FDBDB1 /* cycle_06.jpg in Resources */,
				0443CA221EE0FFF800FDBDB1 /* recomand_11.jpg in Resources */,
				0443CA191EE0FFF800FDBDB1 /* recomand_02.jpg in Resources */,
				0443CA3E1EE0FFF900FDBDB1 /* refresh08.png in Resources */,
				0443CA371EE0FFF800FDBDB1 /* refresh01.png in Resources */,
				0443CA091EE0FFF800FDBDB1 /* tab_bar_bg.png in Resources */,
				0443CA261EE0FFF800FDBDB1 /* recomand_15.jpg in Resources */,
				0443CA081EE0FFF800FDBDB1 /* nar_bgbg.png in Resources */,
				0443CA131EE0FFF800FDBDB1 /* cycle_04.jpg in Resources */,
				04C808531EF8FC690098DACC /* shopDetail.gif in Resources */,
				0443CA291EE0FFF800FDBDB1 /* recomand_18.jpg in Resources */,
				0443CA351EE0FFF800FDBDB1 /* header10@2x.jpg in Resources */,
				0443CA0C1EE0FFF800FDBDB1 /* tab_我的.png in Resources */,
				0443CA271EE0FFF800FDBDB1 /* recomand_16.jpg in Resources */,
				0443CA211EE0FFF800FDBDB1 /* recomand_10.jpg in Resources */,
				0443CA251EE0FFF800FDBDB1 /* recomand_14.jpg in Resources */,
				0443CA3A1EE0FFF900FDBDB1 /* refresh04.png in Resources */,
				0443CA111EE0FFF800FDBDB1 /* cycle_02.jpg in Resources */,
				0443CA071EE0FFF800FDBDB1 /* home_watch.png in Resources */,
				0443CA311EE0FFF800FDBDB1 /* header06@2x.jpg in Resources */,
				0443CA031EE0FFF800FDBDB1 /* home_email_red.png in Resources */,
				0443CA051EE0FFF800FDBDB1 /* home_like.png in Resources */,
				0443CA0D1EE0FFF800FDBDB1 /* tab_我的_pressed.png in Resources */,
				0443CA391EE0FFF800FDBDB1 /* refresh03.png in Resources */,
				0443CA141EE0FFF800FDBDB1 /* cycle_05.jpg in Resources */,
				0443CA161EE0FFF800FDBDB1 /* cycle_07.jpg in Resources */,
				0443CA0A1EE0FFF800FDBDB1 /* tab_publish_add.png in Resources */,
				0443CA1C1EE0FFF800FDBDB1 /* recomand_05.jpg in Resources */,
				0443CA331EE0FFF800FDBDB1 /* header08@2x.jpg in Resources */,
				0443CA061EE0FFF800FDBDB1 /* home_search_icon.png in Resources */,
				0443CA2A1EE0FFF800FDBDB1 /* recomand_19.jpg in Resources */,
				0443CA101EE0FFF800FDBDB1 /* cycle_01.jpg in Resources */,
				0443CA181EE0FFF800FDBDB1 /* recomand_01.jpg in Resources */,
				0443CA3C1EE0FFF900FDBDB1 /* refresh06.png in Resources */,
				0443CA321EE0FFF800FDBDB1 /* header07@2x.jpg in Resources */,
				0443CA2E1EE0FFF800FDBDB1 /* header03@2x.jpg in Resources */,
			);
			runOnlyForDeploymentPostprocessing = 0;
		};
/* End PBXResourcesBuildPhase section */

/* Begin PBXShellScriptBuildPhase section */
		4E4F92E0C2C9585983C03EBE /* [CP] Embed Pods Frameworks */ = {
			isa = PBXShellScriptBuildPhase;
			buildActionMask = 2147483647;
			files = (
			);
			inputPaths = (
			);
			name = "[CP] Embed Pods Frameworks";
			outputPaths = (
			);
			runOnlyForDeploymentPostprocessing = 0;
			shellPath = /bin/sh;
			shellScript = "\"${SRCROOT}/Pods/Target Support Files/Pods-JXShopDemo/Pods-JXShopDemo-frameworks.sh\"\n";
			showEnvVarsInLog = 0;
		};
		7B0D0F59842FA901047057DE /* [CP] Check Pods Manifest.lock */ = {
			isa = PBXShellScriptBuildPhase;
			buildActionMask = 2147483647;
			files = (
			);
			inputPaths = (
			);
			name = "[CP] Check Pods Manifest.lock";
			outputPaths = (
			);
			runOnlyForDeploymentPostprocessing = 0;
			shellPath = /bin/sh;
			shellScript = "diff \"${PODS_PODFILE_DIR_PATH}/Podfile.lock\" \"${PODS_ROOT}/Manifest.lock\" > /dev/null\nif [ $? != 0 ] ; then\n    # print error to STDERR\n    echo \"error: The sandbox is not in sync with the Podfile.lock. Run 'pod install' or update your CocoaPods installation.\" >&2\n    exit 1\nfi\n";
			showEnvVarsInLog = 0;
		};
		CF8A11CB30C852D8E638028C /* [CP] Copy Pods Resources */ = {
			isa = PBXShellScriptBuildPhase;
			buildActionMask = 2147483647;
			files = (
			);
			inputPaths = (
			);
			name = "[CP] Copy Pods Resources";
			outputPaths = (
			);
			runOnlyForDeploymentPostprocessing = 0;
			shellPath = /bin/sh;
			shellScript = "\"${SRCROOT}/Pods/Target Support Files/Pods-JXShopDemo/Pods-JXShopDemo-resources.sh\"\n";
			showEnvVarsInLog = 0;
		};
/* End PBXShellScriptBuildPhase section */

/* Begin PBXSourcesBuildPhase section */
		0448EE101EA85005005D36DC /* Sources */ = {
			isa = PBXSourcesBuildPhase;
			buildActionMask = 2147483647;
			files = (
				0448EE491EA8AB6D005D36DC /* JXTagFrame.m in Sources */,
				049ED3371EA99EDB00F924E1 /* JXShopCarViewController.m in Sources */,
				0448EE421EA8A19F005D36DC /* UIButton+Bootstrap.m in Sources */,
				04C8082B1EF8C4B80098DACC /* JXCommonCollectionView.m in Sources */,
				0443C9BC1EE0FE2C00FDBDB1 /* UIImage+JQImage.m in Sources */,
				04C808161EF8BD540098DACC /* JXShopDetailViewController.m in Sources */,
				04C808451EF8CFAA0098DACC /* LYSelectTabBar.m in Sources */,
				04C808381EF8C5F70098DACC /* JXShopProductCollectionCellViewData.m in Sources */,
				04C8084B1EF8D1550098DACC /* JXShopDetailTabScrollViewModel.m in Sources */,
				04982E451EC9A7CC0084E90F /* JXShopCartCell.m in Sources */,
				04C8083E1EF8C9430098DACC /* JXShopDetailInfo.m in Sources */,
				049ED3401EA9B4FE00F924E1 /* JXShopCarViewModel.m in Sources */,
				0448EE451EA8A1E8005D36DC /* JXGoodAttrModel.m in Sources */,
				04C808481EF8D0F30098DACC /* JXShopDetailTabScrollView.m in Sources */,
				049ED3341EA99A0B00F924E1 /* JXGoodDetailsPictureCell.m in Sources */,
				0448EE3D1EA8A047005D36DC /* JXGoodAttributesView.m in Sources */,
				049ED3431EA9B75800F924E1 /* JXShopCarTableHeaderView.m in Sources */,
				0443C9BD1EE0FE2C00FDBDB1 /* UIView+Extension.m in Sources */,
				04C808411EF8C9660098DACC /* JXShopDetailUserCase.m in Sources */,
				0448EE551EA8CBF0005D36DC /* JXGoodDetailsViewController.m in Sources */,
				049ED33D1EA9B4E600F924E1 /* JXShopUIService.m in Sources */,
				04351EC91ECA94D9007A24D3 /* JXShopcartBrandModel.m in Sources */,
				04C808251EF8C43F0098DACC /* JXShopDetailScrollView.m in Sources */,
				04C8081F1EF8C3660098DACC /* JXShopDetailNavigationBar.m in Sources */,
				04C808351EF8C5480098DACC /* JXShopProductCollectionCellViewModel.m in Sources */,
				04351ECE1ECAABA0007A24D3 /* JXShopcartBottomView.m in Sources */,
				04C808191EF8BEE50098DACC /* JXShopDetailBottomView.m in Sources */,
				04C808221EF8C3B90098DACC /* JXShopDetailHeaderView.m in Sources */,
				04351EC61ECA94C4007A24D3 /* JXShopcartProductModel.m in Sources */,
				04C808321EF8C5200098DACC /* JXShopProductCollectionViewCell.m in Sources */,
				049ED33A1EA99F8200F924E1 /* JXShopViewModel.m in Sources */,
				0448EE1F1EA85005005D36DC /* ViewController.m in Sources */,
				04C8084E1EF8D2B10098DACC /* LYSelectView.m in Sources */,
				0448EE4F1EA8BBC2005D36DC /* JXGoodAttributesCell.m in Sources */,
				0448EE1C1EA85005005D36DC /* AppDelegate.m in Sources */,
				0448EE191EA85005005D36DC /* main.m in Sources */,
				0449D8A81EC5AF1E0000890F /* PPNumberButton.m in Sources */,
				0443C9BB1EE0FE2C00FDBDB1 /* UIButton+Size.m in Sources */,
				04C808281EF8C4850098DACC /* JXShopDetailCollectionView.m in Sources */,
				04C8082E1EF8C4EA0098DACC /* JXCommonCollectionViewModel.m in Sources */,
				04C8083B1EF8C9110098DACC /* JXShopDetailViewModel.m in Sources */,
				0448EE521EA8C9F0005D36DC /* UIView+JXShopCarAnimation.m in Sources */,
				0448EE341EA8950F005D36DC /* UIScrollView+JXPage.m in Sources */,
				04C808511EF8D4C10098DACC /* JXShopDetailCollectionViewModel.m in Sources */,
				0448EE4C1EA8B04E005D36DC /* JXTagView.m in Sources */,
				04C8081C1EF8BF1C0098DACC /* UIColor+GGColor.m in Sources */,
			);
			runOnlyForDeploymentPostprocessing = 0;
		};
/* End PBXSourcesBuildPhase section */

/* Begin PBXVariantGroup section */
		0448EE201EA85005005D36DC /* Main.storyboard */ = {
			isa = PBXVariantGroup;
			children = (
				0448EE211EA85005005D36DC /* Base */,
			);
			name = Main.storyboard;
			sourceTree = "<group>";
		};
		0448EE251EA85005005D36DC /* LaunchScreen.storyboard */ = {
			isa = PBXVariantGroup;
			children = (
				0448EE261EA85005005D36DC /* Base */,
			);
			name = LaunchScreen.storyboard;
			sourceTree = "<group>";
		};
/* End PBXVariantGroup section */

/* Begin XCBuildConfiguration section */
		0448EE291EA85005005D36DC /* Debug */ = {
			isa = XCBuildConfiguration;
			buildSettings = {
				ALWAYS_SEARCH_USER_PATHS = NO;
				CLANG_ANALYZER_NONNULL = YES;
				CLANG_CXX_LANGUAGE_STANDARD = "gnu++0x";
				CLANG_CXX_LIBRARY = "libc++";
				CLANG_ENABLE_MODULES = YES;
				CLANG_ENABLE_OBJC_ARC = YES;
				CLANG_WARN_BOOL_CONVERSION = YES;
				CLANG_WARN_CONSTANT_CONVERSION = YES;
				CLANG_WARN_DIRECT_OBJC_ISA_USAGE = YES_ERROR;
				CLANG_WARN_DOCUMENTATION_COMMENTS = YES;
				CLANG_WARN_EMPTY_BODY = YES;
				CLANG_WARN_ENUM_CONVERSION = YES;
				CLANG_WARN_INFINITE_RECURSION = YES;
				CLANG_WARN_INT_CONVERSION = YES;
				CLANG_WARN_OBJC_ROOT_CLASS = YES_ERROR;
				CLANG_WARN_SUSPICIOUS_MOVE = YES;
				CLANG_WARN_UNREACHABLE_CODE = YES;
				CLANG_WARN__DUPLICATE_METHOD_MATCH = YES;
				"CODE_SIGN_IDENTITY[sdk=iphoneos*]" = "iPhone Developer";
				COPY_PHASE_STRIP = NO;
				DEBUG_INFORMATION_FORMAT = dwarf;
				ENABLE_STRICT_OBJC_MSGSEND = YES;
				ENABLE_TESTABILITY = YES;
				GCC_C_LANGUAGE_STANDARD = gnu99;
				GCC_DYNAMIC_NO_PIC = NO;
				GCC_NO_COMMON_BLOCKS = YES;
				GCC_OPTIMIZATION_LEVEL = 0;
				GCC_PREPROCESSOR_DEFINITIONS = (
					"DEBUG=1",
					"$(inherited)",
				);
				GCC_WARN_64_TO_32_BIT_CONVERSION = YES;
				GCC_WARN_ABOUT_RETURN_TYPE = YES_ERROR;
				GCC_WARN_UNDECLARED_SELECTOR = YES;
				GCC_WARN_UNINITIALIZED_AUTOS = YES_AGGRESSIVE;
				GCC_WARN_UNUSED_FUNCTION = YES;
				GCC_WARN_UNUSED_VARIABLE = YES;
				IPHONEOS_DEPLOYMENT_TARGET = 10.2;
				MTL_ENABLE_DEBUG_INFO = YES;
				ONLY_ACTIVE_ARCH = YES;
				SDKROOT = iphoneos;
				TARGETED_DEVICE_FAMILY = "1,2";
			};
			name = Debug;
		};
		0448EE2A1EA85005005D36DC /* Release */ = {
			isa = XCBuildConfiguration;
			buildSettings = {
				ALWAYS_SEARCH_USER_PATHS = NO;
				CLANG_ANALYZER_NONNULL = YES;
				CLANG_CXX_LANGUAGE_STANDARD = "gnu++0x";
				CLANG_CXX_LIBRARY = "libc++";
				CLANG_ENABLE_MODULES = YES;
				CLANG_ENABLE_OBJC_ARC = YES;
				CLANG_WARN_BOOL_CONVERSION = YES;
				CLANG_WARN_CONSTANT_CONVERSION = YES;
				CLANG_WARN_DIRECT_OBJC_ISA_USAGE = YES_ERROR;
				CLANG_WARN_DOCUMENTATION_COMMENTS = YES;
				CLANG_WARN_EMPTY_BODY = YES;
				CLANG_WARN_ENUM_CONVERSION = YES;
				CLANG_WARN_INFINITE_RECURSION = YES;
				CLANG_WARN_INT_CONVERSION = YES;
				CLANG_WARN_OBJC_ROOT_CLASS = YES_ERROR;
				CLANG_WARN_SUSPICIOUS_MOVE = YES;
				CLANG_WARN_UNREACHABLE_CODE = YES;
				CLANG_WARN__DUPLICATE_METHOD_MATCH = YES;
				"CODE_SIGN_IDENTITY[sdk=iphoneos*]" = "iPhone Developer";
				COPY_PHASE_STRIP = NO;
				DEBUG_INFORMATION_FORMAT = "dwarf-with-dsym";
				ENABLE_NS_ASSERTIONS = NO;
				ENABLE_STRICT_OBJC_MSGSEND = YES;
				GCC_C_LANGUAGE_STANDARD = gnu99;
				GCC_NO_COMMON_BLOCKS = YES;
				GCC_WARN_64_TO_32_BIT_CONVERSION = YES;
				GCC_WARN_ABOUT_RETURN_TYPE = YES_ERROR;
				GCC_WARN_UNDECLARED_SELECTOR = YES;
				GCC_WARN_UNINITIALIZED_AUTOS = YES_AGGRESSIVE;
				GCC_WARN_UNUSED_FUNCTION = YES;
				GCC_WARN_UNUSED_VARIABLE = YES;
				IPHONEOS_DEPLOYMENT_TARGET = 10.2;
				MTL_ENABLE_DEBUG_INFO = NO;
				SDKROOT = iphoneos;
				TARGETED_DEVICE_FAMILY = "1,2";
				VALIDATE_PRODUCT = YES;
			};
			name = Release;
		};
		0448EE2C1EA85005005D36DC /* Debug */ = {
			isa = XCBuildConfiguration;
			baseConfigurationReference = 407C7F9E41E789A679003F91 /* Pods-JXShopDemo.debug.xcconfig */;
			buildSettings = {
				ASSETCATALOG_COMPILER_APPICON_NAME = AppIcon;
				GCC_PRECOMPILE_PREFIX_HEADER = YES;
				GCC_PREFIX_HEADER = "/Users/mac/Desktop/数据plist/JXShopDemo_git/JXShopDemo/JXShopDemo.pch";
				INFOPLIST_FILE = JXShopDemo/Info.plist;
				LD_RUNPATH_SEARCH_PATHS = "$(inherited) @executable_path/Frameworks";
				PRODUCT_BUNDLE_IDENTIFIER = com.fxtz.fxtzapp.JXShopDemo;
				PRODUCT_NAME = "$(TARGET_NAME)";
			};
			name = Debug;
		};
		0448EE2D1EA85005005D36DC /* Release */ = {
			isa = XCBuildConfiguration;
			baseConfigurationReference = 0BDCF3F7CDAF28473C378E52 /* Pods-JXShopDemo.release.xcconfig */;
			buildSettings = {
				ASSETCATALOG_COMPILER_APPICON_NAME = AppIcon;
				GCC_PRECOMPILE_PREFIX_HEADER = YES;
				GCC_PREFIX_HEADER = "/Users/mac/Desktop/数据plist/JXShopDemo_git/JXShopDemo/JXShopDemo.pch";
				INFOPLIST_FILE = JXShopDemo/Info.plist;
				LD_RUNPATH_SEARCH_PATHS = "$(inherited) @executable_path/Frameworks";
				PRODUCT_BUNDLE_IDENTIFIER = com.fxtz.fxtzapp.JXShopDemo;
				PRODUCT_NAME = "$(TARGET_NAME)";
			};
			name = Release;
		};
/* End XCBuildConfiguration section */

/* Begin XCConfigurationList section */
		0448EE0F1EA85005005D36DC /* Build configuration list for PBXProject "JXShopDemo" */ = {
			isa = XCConfigurationList;
			buildConfigurations = (
				0448EE291EA85005005D36DC /* Debug */,
				0448EE2A1EA85005005D36DC /* Release */,
			);
			defaultConfigurationIsVisible = 0;
			defaultConfigurationName = Release;
		};
		0448EE2B1EA85005005D36DC /* Build configuration list for PBXNativeTarget "JXShopDemo" */ = {
			isa = XCConfigurationList;
			buildConfigurations = (
				0448EE2C1EA85005005D36DC /* Debug */,
				0448EE2D1EA85005005D36DC /* Release */,
			);
			defaultConfigurationIsVisible = 0;
			defaultConfigurationName = Release;
		};
/* End XCConfigurationList section */
	};
	rootObject = 0448EE0C1EA85005005D36DC /* Project object */;
}
